// !$*UTF8*$!
{
	archiveVersion = 1;
	classes = {
	};
	objectVersion = 46;
	objects = {

/* Begin PBXBuildFile section */
		37513E171C4C80AB00488AD4 /* Trie.swift in Sources */ = {isa = PBXBuildFile; fileRef = 37513E161C4C80AB00488AD4 /* Trie.swift */; };
		37513E191C4C80E200488AD4 /* TrieRouteMatcher.swift in Sources */ = {isa = PBXBuildFile; fileRef = 37513E181C4C80E200488AD4 /* TrieRouteMatcher.swift */; };
		37B36EE31C4CB5FE00FE0D01 /* TrieMatcherTests.swift in Sources */ = {isa = PBXBuildFile; fileRef = 37B36EE21C4CB5FE00FE0D01 /* TrieMatcherTests.swift */; };
		B001F8F11C5592310013B1E3 /* Error.swift in Sources */ = {isa = PBXBuildFile; fileRef = B001F8F01C5592310013B1E3 /* Error.swift */; };
		B001F8F91C5729320013B1E3 /* Extensions.swift in Sources */ = {isa = PBXBuildFile; fileRef = B001F8F41C5729320013B1E3 /* Extensions.swift */; };
		B001F8FA1C5729320013B1E3 /* SHA1.swift in Sources */ = {isa = PBXBuildFile; fileRef = B001F8F51C5729320013B1E3 /* SHA1.swift */; };
		B001F8FB1C5729320013B1E3 /* WebSocket.swift in Sources */ = {isa = PBXBuildFile; fileRef = B001F8F61C5729320013B1E3 /* WebSocket.swift */; };
		B001F8FC1C5729320013B1E3 /* WebSocketFrame.swift in Sources */ = {isa = PBXBuildFile; fileRef = B001F8F71C5729320013B1E3 /* WebSocketFrame.swift */; };
		B001F8FD1C5729320013B1E3 /* WebSocketServer.swift in Sources */ = {isa = PBXBuildFile; fileRef = B001F8F81C5729320013B1E3 /* WebSocketServer.swift */; };
		B0158A841C4C0456003700D3 /* SSLError.swift in Sources */ = {isa = PBXBuildFile; fileRef = B0158A831C4C0456003700D3 /* SSLError.swift */; };
		B015D0AA1C52DF530017727B /* BranchMiddleware.swift in Sources */ = {isa = PBXBuildFile; fileRef = B015D0A91C52DF530017727B /* BranchMiddleware.swift */; };
		B015D0AB1C52EA9D0017727B /* URLEncodedFormParser.swift in Sources */ = {isa = PBXBuildFile; fileRef = B0B14C7E1C4AD455006ABA9E /* URLEncodedFormParser.swift */; };
		B015D0AE1C5341720017727B /* Log.swift in Sources */ = {isa = PBXBuildFile; fileRef = B015D0AD1C5341720017727B /* Log.swift */; };
		B015D0B11C544C590017727B /* Once.swift in Sources */ = {isa = PBXBuildFile; fileRef = B015D0B01C544C590017727B /* Once.swift */; };
		B068CBB51C4F447000EF0B3E /* MessageType.swift in Sources */ = {isa = PBXBuildFile; fileRef = B068CBB41C4F447000EF0B3E /* MessageType.swift */; };
		B0A918A71C4F6510002A2A98 /* Dictionary.swift in Sources */ = {isa = PBXBuildFile; fileRef = B0A918A61C4F6510002A2A98 /* Dictionary.swift */; };
		B0B14CB91C4AD455006ABA9E /* Base64.swift in Sources */ = {isa = PBXBuildFile; fileRef = B0B14C601C4AD455006ABA9E /* Base64.swift */; };
		B0B14CBB1C4AD455006ABA9E /* Data.swift in Sources */ = {isa = PBXBuildFile; fileRef = B0B14C641C4AD455006ABA9E /* Data.swift */; };
		B0B14CBC1C4AD455006ABA9E /* EventEmitter.swift in Sources */ = {isa = PBXBuildFile; fileRef = B0B14C661C4AD455006ABA9E /* EventEmitter.swift */; };
		B0B14CBD1C4AD455006ABA9E /* EventListener.swift in Sources */ = {isa = PBXBuildFile; fileRef = B0B14C671C4AD455006ABA9E /* EventListener.swift */; };
		B0B14CBE1C4AD455006ABA9E /* File.swift in Sources */ = {isa = PBXBuildFile; fileRef = B0B14C691C4AD455006ABA9E /* File.swift */; };
		B0B14CBF1C4AD455006ABA9E /* Int.swift in Sources */ = {isa = PBXBuildFile; fileRef = B0B14C6B1C4AD455006ABA9E /* Int.swift */; };
		B0B14CC01C4AD455006ABA9E /* InterchangeData.swift in Sources */ = {isa = PBXBuildFile; fileRef = B0B14C6D1C4AD455006ABA9E /* InterchangeData.swift */; };
		B0B14CC11C4AD455006ABA9E /* JSONParser.swift in Sources */ = {isa = PBXBuildFile; fileRef = B0B14C6F1C4AD455006ABA9E /* JSONParser.swift */; };
		B0B14CC21C4AD455006ABA9E /* JSONSerializer.swift in Sources */ = {isa = PBXBuildFile; fileRef = B0B14C701C4AD455006ABA9E /* JSONSerializer.swift */; };
		B0B14CC31C4AD455006ABA9E /* MediaType.swift in Sources */ = {isa = PBXBuildFile; fileRef = B0B14C721C4AD455006ABA9E /* MediaType.swift */; };
		B0B14CC61C4AD455006ABA9E /* Stream.swift in Sources */ = {isa = PBXBuildFile; fileRef = B0B14C781C4AD455006ABA9E /* Stream.swift */; };
		B0B14CC71C4AD455006ABA9E /* String.swift in Sources */ = {isa = PBXBuildFile; fileRef = B0B14C7A1C4AD455006ABA9E /* String.swift */; };
		B0B14CC81C4AD455006ABA9E /* URI.swift in Sources */ = {isa = PBXBuildFile; fileRef = B0B14C7C1C4AD455006ABA9E /* URI.swift */; };
		B0B14CCA1C4AD455006ABA9E /* URLEncodedFormSerializer.swift in Sources */ = {isa = PBXBuildFile; fileRef = B0B14C7F1C4AD455006ABA9E /* URLEncodedFormSerializer.swift */; };
		B0B14CCB1C4AD455006ABA9E /* Client.swift in Sources */ = {isa = PBXBuildFile; fileRef = B0B14C821C4AD455006ABA9E /* Client.swift */; };
		B0B14CCC1C4AD455006ABA9E /* ClientType.swift in Sources */ = {isa = PBXBuildFile; fileRef = B0B14C831C4AD455006ABA9E /* ClientType.swift */; };
		B0B14CCD1C4AD455006ABA9E /* RequestStreamSerializer.swift in Sources */ = {isa = PBXBuildFile; fileRef = B0B14C841C4AD455006ABA9E /* RequestStreamSerializer.swift */; };
		B0B14CCE1C4AD455006ABA9E /* ResponseStreamParser.swift in Sources */ = {isa = PBXBuildFile; fileRef = B0B14C851C4AD455006ABA9E /* ResponseStreamParser.swift */; };
		B0B14CCF1C4AD455006ABA9E /* TCPStreamClient.swift in Sources */ = {isa = PBXBuildFile; fileRef = B0B14C861C4AD455006ABA9E /* TCPStreamClient.swift */; };
		B0B14CD01C4AD455006ABA9E /* MiddlewareType.swift in Sources */ = {isa = PBXBuildFile; fileRef = B0B14C881C4AD455006ABA9E /* MiddlewareType.swift */; };
		B0B14CD11C4AD455006ABA9E /* Method+Parser.swift in Sources */ = {isa = PBXBuildFile; fileRef = B0B14C8A1C4AD455006ABA9E /* Method+Parser.swift */; };
		B0B14CD21C4AD455006ABA9E /* ParseError.swift in Sources */ = {isa = PBXBuildFile; fileRef = B0B14C8B1C4AD455006ABA9E /* ParseError.swift */; };
		B0B14CD31C4AD455006ABA9E /* RequestParser.swift in Sources */ = {isa = PBXBuildFile; fileRef = B0B14C8C1C4AD455006ABA9E /* RequestParser.swift */; };
		B0B14CD41C4AD455006ABA9E /* ResponseParser.swift in Sources */ = {isa = PBXBuildFile; fileRef = B0B14C8D1C4AD455006ABA9E /* ResponseParser.swift */; };
		B0B14CD51C4AD455006ABA9E /* Method.swift in Sources */ = {isa = PBXBuildFile; fileRef = B0B14C8F1C4AD455006ABA9E /* Method.swift */; };
		B0B14CD61C4AD455006ABA9E /* Request.swift in Sources */ = {isa = PBXBuildFile; fileRef = B0B14C901C4AD455006ABA9E /* Request.swift */; };
		B0B14CD71C4AD455006ABA9E /* ResponderType.swift in Sources */ = {isa = PBXBuildFile; fileRef = B0B14C921C4AD455006ABA9E /* ResponderType.swift */; };
		B0B14CD81C4AD455006ABA9E /* Response.swift in Sources */ = {isa = PBXBuildFile; fileRef = B0B14C941C4AD455006ABA9E /* Response.swift */; };
		B0B14CD91C4AD455006ABA9E /* Status.swift in Sources */ = {isa = PBXBuildFile; fileRef = B0B14C951C4AD455006ABA9E /* Status.swift */; };
		B0B14CDA1C4AD455006ABA9E /* RegexRouteMatcher.swift in Sources */ = {isa = PBXBuildFile; fileRef = B0B14C971C4AD455006ABA9E /* RegexRouteMatcher.swift */; };
		B0B14CDB1C4AD455006ABA9E /* RouteMatcherType.swift in Sources */ = {isa = PBXBuildFile; fileRef = B0B14C981C4AD455006ABA9E /* RouteMatcherType.swift */; };
		B0B14CDC1C4AD455006ABA9E /* Router.swift in Sources */ = {isa = PBXBuildFile; fileRef = B0B14C991C4AD455006ABA9E /* Router.swift */; };
		B0B14CDD1C4AD455006ABA9E /* RouterBuilder.swift in Sources */ = {isa = PBXBuildFile; fileRef = B0B14C9A1C4AD455006ABA9E /* RouterBuilder.swift */; };
		B0B14CDE1C4AD455006ABA9E /* RequestStreamParser.swift in Sources */ = {isa = PBXBuildFile; fileRef = B0B14C9C1C4AD455006ABA9E /* RequestStreamParser.swift */; };
		B0B14CDF1C4AD455006ABA9E /* ResponseStreamSerializer.swift in Sources */ = {isa = PBXBuildFile; fileRef = B0B14C9D1C4AD455006ABA9E /* ResponseStreamSerializer.swift */; };
		B0B14CE01C4AD455006ABA9E /* Server.swift in Sources */ = {isa = PBXBuildFile; fileRef = B0B14C9E1C4AD455006ABA9E /* Server.swift */; };
		B0B14CE11C4AD455006ABA9E /* ServerType.swift in Sources */ = {isa = PBXBuildFile; fileRef = B0B14C9F1C4AD455006ABA9E /* ServerType.swift */; };
		B0B14CE21C4AD455006ABA9E /* TCPStreamServer.swift in Sources */ = {isa = PBXBuildFile; fileRef = B0B14CA01C4AD455006ABA9E /* TCPStreamServer.swift */; };
		B0B14CE31C4AD455006ABA9E /* TCPStream.swift in Sources */ = {isa = PBXBuildFile; fileRef = B0B14CA21C4AD455006ABA9E /* TCPStream.swift */; };
		B0B14CE41C4AD455006ABA9E /* Channel.swift in Sources */ = {isa = PBXBuildFile; fileRef = B0B14CA41C4AD455006ABA9E /* Channel.swift */; };
		B0B14CE51C4AD455006ABA9E /* Coroutine.swift in Sources */ = {isa = PBXBuildFile; fileRef = B0B14CA51C4AD455006ABA9E /* Coroutine.swift */; };
		B0B14CE61C4AD455006ABA9E /* FallibleChannel.swift in Sources */ = {isa = PBXBuildFile; fileRef = B0B14CA61C4AD455006ABA9E /* FallibleChannel.swift */; };
		B0B14CE71C4AD455006ABA9E /* FallibleReceivable.swift in Sources */ = {isa = PBXBuildFile; fileRef = B0B14CA71C4AD455006ABA9E /* FallibleReceivable.swift */; };
		B0B14CE81C4AD455006ABA9E /* FallibleReceivingChannel.swift in Sources */ = {isa = PBXBuildFile; fileRef = B0B14CA81C4AD455006ABA9E /* FallibleReceivingChannel.swift */; };
		B0B14CE91C4AD455006ABA9E /* FallibleSendable.swift in Sources */ = {isa = PBXBuildFile; fileRef = B0B14CA91C4AD455006ABA9E /* FallibleSendable.swift */; };
		B0B14CEA1C4AD455006ABA9E /* FallibleSendingChannel.swift in Sources */ = {isa = PBXBuildFile; fileRef = B0B14CAA1C4AD455006ABA9E /* FallibleSendingChannel.swift */; };
		B0B14CEB1C4AD455006ABA9E /* IP.swift in Sources */ = {isa = PBXBuildFile; fileRef = B0B14CAB1C4AD455006ABA9E /* IP.swift */; };
		B0B14CEC1C4AD455006ABA9E /* IPError.swift in Sources */ = {isa = PBXBuildFile; fileRef = B0B14CAC1C4AD455006ABA9E /* IPError.swift */; };
		B0B14CEE1C4AD455006ABA9E /* Poller.swift in Sources */ = {isa = PBXBuildFile; fileRef = B0B14CAE1C4AD455006ABA9E /* Poller.swift */; };
		B0B14CEF1C4AD455006ABA9E /* Receivable.swift in Sources */ = {isa = PBXBuildFile; fileRef = B0B14CAF1C4AD455006ABA9E /* Receivable.swift */; };
		B0B14CF01C4AD455006ABA9E /* ReceivingChannel.swift in Sources */ = {isa = PBXBuildFile; fileRef = B0B14CB01C4AD455006ABA9E /* ReceivingChannel.swift */; };
		B0B14CF11C4AD455006ABA9E /* Select.swift in Sources */ = {isa = PBXBuildFile; fileRef = B0B14CB11C4AD455006ABA9E /* Select.swift */; };
		B0B14CF21C4AD455006ABA9E /* Sendable.swift in Sources */ = {isa = PBXBuildFile; fileRef = B0B14CB21C4AD455006ABA9E /* Sendable.swift */; };
		B0B14CF31C4AD455006ABA9E /* SendingChannel.swift in Sources */ = {isa = PBXBuildFile; fileRef = B0B14CB31C4AD455006ABA9E /* SendingChannel.swift */; };
		B0B14CF41C4AD455006ABA9E /* TCPClientSocket.swift in Sources */ = {isa = PBXBuildFile; fileRef = B0B14CB41C4AD455006ABA9E /* TCPClientSocket.swift */; };
		B0B14CF51C4AD455006ABA9E /* TCPError.swift in Sources */ = {isa = PBXBuildFile; fileRef = B0B14CB51C4AD455006ABA9E /* TCPError.swift */; };
		B0B14CF61C4AD455006ABA9E /* TCPServerSocket.swift in Sources */ = {isa = PBXBuildFile; fileRef = B0B14CB61C4AD455006ABA9E /* TCPServerSocket.swift */; };
		B0B14CF71C4AD455006ABA9E /* Ticker.swift in Sources */ = {isa = PBXBuildFile; fileRef = B0B14CB71C4AD455006ABA9E /* Ticker.swift */; };
		B0B14CF81C4AD455006ABA9E /* Timer.swift in Sources */ = {isa = PBXBuildFile; fileRef = B0B14CB81C4AD455006ABA9E /* Timer.swift */; };
		B0B14D041C4AD65A006ABA9E /* Flux.h in Headers */ = {isa = PBXBuildFile; fileRef = B0B14D031C4AD65A006ABA9E /* Flux.h */; settings = {ATTRIBUTES = (Public, ); }; };
		B0B14D061C4AD6AC006ABA9E /* Tests.swift in Sources */ = {isa = PBXBuildFile; fileRef = B0B14D051C4AD6AC006ABA9E /* Tests.swift */; };
		B0B14D101C4AD72F006ABA9E /* ContentNegotiatorMiddleware.swift in Sources */ = {isa = PBXBuildFile; fileRef = B0B14D081C4AD72F006ABA9E /* ContentNegotiatorMiddleware.swift */; };
		B0B14D111C4AD72F006ABA9E /* FileResponder.swift in Sources */ = {isa = PBXBuildFile; fileRef = B0B14D091C4AD72F006ABA9E /* FileResponder.swift */; };
		B0B14D121C4AD72F006ABA9E /* LoggerMiddleware.swift in Sources */ = {isa = PBXBuildFile; fileRef = B0B14D0A1C4AD72F006ABA9E /* LoggerMiddleware.swift */; };
		B0B14D131C4AD72F006ABA9E /* MultipartBodyParserMiddleware.swift in Sources */ = {isa = PBXBuildFile; fileRef = B0B14D0B1C4AD72F006ABA9E /* MultipartBodyParserMiddleware.swift */; };
		B0B14D141C4AD72F006ABA9E /* Request+Content.swift in Sources */ = {isa = PBXBuildFile; fileRef = B0B14D0C1C4AD72F006ABA9E /* Request+Content.swift */; };
		B0B14D151C4AD72F006ABA9E /* Response+Content.swift in Sources */ = {isa = PBXBuildFile; fileRef = B0B14D0D1C4AD72F006ABA9E /* Response+Content.swift */; };
		B0B14D161C4AD72F006ABA9E /* Response+File.swift in Sources */ = {isa = PBXBuildFile; fileRef = B0B14D0E1C4AD72F006ABA9E /* Response+File.swift */; };
		B0B14D171C4AD72F006ABA9E /* URLEncodedBodyParserMiddleware.swift in Sources */ = {isa = PBXBuildFile; fileRef = B0B14D0F1C4AD72F006ABA9E /* URLEncodedBodyParserMiddleware.swift */; };
		B0B14D1E1C4B2610006ABA9E /* UDP.swift in Sources */ = {isa = PBXBuildFile; fileRef = B0B14D1D1C4B2610006ABA9E /* UDP.swift */; };
		B0B14D2C1C4BBAA5006ABA9E /* OpenSSL.swift in Sources */ = {isa = PBXBuildFile; fileRef = B0B14D201C4BBAA5006ABA9E /* OpenSSL.swift */; };
		B0B14D2D1C4BBAA5006ABA9E /* SSLCertificate.swift in Sources */ = {isa = PBXBuildFile; fileRef = B0B14D211C4BBAA5006ABA9E /* SSLCertificate.swift */; };
		B0B14D2E1C4BBAA5006ABA9E /* SSLClientContext.swift in Sources */ = {isa = PBXBuildFile; fileRef = B0B14D221C4BBAA5006ABA9E /* SSLClientContext.swift */; };
		B0B14D2F1C4BBAA5006ABA9E /* SSLClientStream.swift in Sources */ = {isa = PBXBuildFile; fileRef = B0B14D231C4BBAA5006ABA9E /* SSLClientStream.swift */; };
		B0B14D301C4BBAA5006ABA9E /* SSLContext.swift in Sources */ = {isa = PBXBuildFile; fileRef = B0B14D241C4BBAA5006ABA9E /* SSLContext.swift */; };
		B0B14D311C4BBAA5006ABA9E /* SSLDWrap.swift in Sources */ = {isa = PBXBuildFile; fileRef = B0B14D251C4BBAA5006ABA9E /* SSLDWrap.swift */; };
		B0B14D321C4BBAA5006ABA9E /* SSLIO.swift in Sources */ = {isa = PBXBuildFile; fileRef = B0B14D261C4BBAA5006ABA9E /* SSLIO.swift */; };
		B0B14D331C4BBAA5006ABA9E /* SSLKey.swift in Sources */ = {isa = PBXBuildFile; fileRef = B0B14D271C4BBAA5006ABA9E /* SSLKey.swift */; };
		B0B14D341C4BBAA5006ABA9E /* SSLMethod.swift in Sources */ = {isa = PBXBuildFile; fileRef = B0B14D281C4BBAA5006ABA9E /* SSLMethod.swift */; };
		B0B14D351C4BBAA5006ABA9E /* SSLServerContext.swift in Sources */ = {isa = PBXBuildFile; fileRef = B0B14D291C4BBAA5006ABA9E /* SSLServerContext.swift */; };
		B0B14D361C4BBAA5006ABA9E /* SSLServerStream.swift in Sources */ = {isa = PBXBuildFile; fileRef = B0B14D2A1C4BBAA5006ABA9E /* SSLServerStream.swift */; };
		B0B14D371C4BBAA5006ABA9E /* SSLSession.swift in Sources */ = {isa = PBXBuildFile; fileRef = B0B14D2B1C4BBAA5006ABA9E /* SSLSession.swift */; };
		B0B14D391C4BC3F4006ABA9E /* TCPSSLStreamServer.swift in Sources */ = {isa = PBXBuildFile; fileRef = B0B14D381C4BC3F4006ABA9E /* TCPSSLStreamServer.swift */; };
		B0C08DBC1C2A3C300088B16D /* Flux.framework in Frameworks */ = {isa = PBXBuildFile; fileRef = B0C08DB11C2A3C300088B16D /* Flux.framework */; };
		B0DCBDFC1C51073A00B2AFA3 /* TCPSocket.swift in Sources */ = {isa = PBXBuildFile; fileRef = B0DCBDFB1C51073A00B2AFA3 /* TCPSocket.swift */; };
		B0DCBDFE1C510B2600B2AFA3 /* UDPError.swift in Sources */ = {isa = PBXBuildFile; fileRef = B0DCBDFD1C510B2600B2AFA3 /* UDPError.swift */; };
		B0DCBFCE1C514C9000B2AFA3 /* chan.c in Sources */ = {isa = PBXBuildFile; fileRef = B0DCBF6D1C514C8F00B2AFA3 /* chan.c */; };
		B0DCBFCF1C514C9000B2AFA3 /* chan.h in Headers */ = {isa = PBXBuildFile; fileRef = B0DCBF6E1C514C8F00B2AFA3 /* chan.h */; };
		B0DCBFD01C514C9000B2AFA3 /* cr.c in Sources */ = {isa = PBXBuildFile; fileRef = B0DCBF6F1C514C8F00B2AFA3 /* cr.c */; };
		B0DCBFD11C514C9000B2AFA3 /* cr.h in Headers */ = {isa = PBXBuildFile; fileRef = B0DCBF701C514C8F00B2AFA3 /* cr.h */; };
		B0DCBFD21C514C9000B2AFA3 /* debug.c in Sources */ = {isa = PBXBuildFile; fileRef = B0DCBF711C514C8F00B2AFA3 /* debug.c */; };
		B0DCBFD31C514C9000B2AFA3 /* debug.h in Headers */ = {isa = PBXBuildFile; fileRef = B0DCBF721C514C8F00B2AFA3 /* debug.h */; };
		B0DCBFD41C514C9000B2AFA3 /* dns.c in Sources */ = {isa = PBXBuildFile; fileRef = B0DCBF731C514C8F00B2AFA3 /* dns.c */; };
		B0DCBFD51C514C9000B2AFA3 /* dns.h in Headers */ = {isa = PBXBuildFile; fileRef = B0DCBF741C514C8F00B2AFA3 /* dns.h */; };
		B0DCBFD71C514C9000B2AFA3 /* ip.c in Sources */ = {isa = PBXBuildFile; fileRef = B0DCBF761C514C8F00B2AFA3 /* ip.c */; };
		B0DCBFD81C514C9000B2AFA3 /* ip.h in Headers */ = {isa = PBXBuildFile; fileRef = B0DCBF771C514C8F00B2AFA3 /* ip.h */; };
		B0DCBFDA1C514C9000B2AFA3 /* libvenice.h in Headers */ = {isa = PBXBuildFile; fileRef = B0DCBF791C514C8F00B2AFA3 /* libvenice.h */; };
		B0DCBFDB1C514C9000B2AFA3 /* LICENSE in Resources */ = {isa = PBXBuildFile; fileRef = B0DCBF7A1C514C8F00B2AFA3 /* LICENSE */; };
		B0DCBFDC1C514C9000B2AFA3 /* list.c in Sources */ = {isa = PBXBuildFile; fileRef = B0DCBF7B1C514C8F00B2AFA3 /* list.c */; };
		B0DCBFDD1C514C9000B2AFA3 /* list.h in Headers */ = {isa = PBXBuildFile; fileRef = B0DCBF7C1C514C8F00B2AFA3 /* list.h */; };
		B0DCBFDE1C514C9000B2AFA3 /* file.c in Sources */ = {isa = PBXBuildFile; fileRef = B0DCBF7D1C514C8F00B2AFA3 /* file.c */; };
		B0DCBFE21C514C9000B2AFA3 /* poller.c in Sources */ = {isa = PBXBuildFile; fileRef = B0DCBF811C514C8F00B2AFA3 /* poller.c */; };
		B0DCBFE31C514C9000B2AFA3 /* poller.h in Headers */ = {isa = PBXBuildFile; fileRef = B0DCBF821C514C8F00B2AFA3 /* poller.h */; };
		B0DCBFE51C514C9000B2AFA3 /* slist.c in Sources */ = {isa = PBXBuildFile; fileRef = B0DCBF841C514C8F00B2AFA3 /* slist.c */; };
		B0DCBFE61C514C9000B2AFA3 /* slist.h in Headers */ = {isa = PBXBuildFile; fileRef = B0DCBF851C514C8F00B2AFA3 /* slist.h */; };
		B0DCBFE71C514C9000B2AFA3 /* stack.c in Sources */ = {isa = PBXBuildFile; fileRef = B0DCBF861C514C8F00B2AFA3 /* stack.c */; };
		B0DCBFE81C514C9000B2AFA3 /* stack.h in Headers */ = {isa = PBXBuildFile; fileRef = B0DCBF871C514C8F00B2AFA3 /* stack.h */; };
		B0DCBFE91C514C9000B2AFA3 /* tcp.c in Sources */ = {isa = PBXBuildFile; fileRef = B0DCBF881C514C8F00B2AFA3 /* tcp.c */; };
		B0DCBFEA1C514C9000B2AFA3 /* timer.c in Sources */ = {isa = PBXBuildFile; fileRef = B0DCBF891C514C8F00B2AFA3 /* timer.c */; };
		B0DCBFEB1C514C9000B2AFA3 /* timer.h in Headers */ = {isa = PBXBuildFile; fileRef = B0DCBF8A1C514C8F00B2AFA3 /* timer.h */; };
		B0DCBFEC1C514C9000B2AFA3 /* udp.c in Sources */ = {isa = PBXBuildFile; fileRef = B0DCBF8B1C514C8F00B2AFA3 /* udp.c */; };
		B0DCBFED1C514C9000B2AFA3 /* unix.c in Sources */ = {isa = PBXBuildFile; fileRef = B0DCBF8C1C514C9000B2AFA3 /* unix.c */; };
		B0DCBFEE1C514C9000B2AFA3 /* utils.h in Headers */ = {isa = PBXBuildFile; fileRef = B0DCBF8D1C514C9000B2AFA3 /* utils.h */; };
		B0F48C831C51EE5700FDACFE /* FileError.swift in Sources */ = {isa = PBXBuildFile; fileRef = B0F48C821C51EE5700FDACFE /* FileError.swift */; };
		B0F48C8A1C52B6AB00FDACFE /* main.swift in Sources */ = {isa = PBXBuildFile; fileRef = B0F48C891C52B6AB00FDACFE /* main.swift */; };
		B0F48C8F1C52B6F600FDACFE /* Flux.framework in Frameworks */ = {isa = PBXBuildFile; fileRef = B0C08DB11C2A3C300088B16D /* Flux.framework */; };
		B0F48C901C52B6F600FDACFE /* Flux.framework in Embed Frameworks */ = {isa = PBXBuildFile; fileRef = B0C08DB11C2A3C300088B16D /* Flux.framework */; settings = {ATTRIBUTES = (CodeSignOnCopy, RemoveHeadersOnCopy, ); }; };
		B71ADF771C4FA49C0065A276 /* Connection.swift in Sources */ = {isa = PBXBuildFile; fileRef = B71ADF6F1C4FA49C0065A276 /* Connection.swift */; };
		B71ADF781C4FA49C0065A276 /* Field.swift in Sources */ = {isa = PBXBuildFile; fileRef = B71ADF701C4FA49C0065A276 /* Field.swift */; };
		B71ADF791C4FA49C0065A276 /* Result.swift in Sources */ = {isa = PBXBuildFile; fileRef = B71ADF711C4FA49C0065A276 /* Result.swift */; };
		B71ADF7A1C4FA49C0065A276 /* Row.swift in Sources */ = {isa = PBXBuildFile; fileRef = B71ADF721C4FA49C0065A276 /* Row.swift */; };
		B71ADF7B1C4FA49C0065A276 /* QueryParameter.swift in Sources */ = {isa = PBXBuildFile; fileRef = B71ADF731C4FA49C0065A276 /* QueryParameter.swift */; };
		B71ADF7D1C4FA49C0065A276 /* MigrationManager.swift in Sources */ = {isa = PBXBuildFile; fileRef = B71ADF761C4FA49C0065A276 /* MigrationManager.swift */; };
		B71ADF841C4FAAF70065A276 /* SQLTests.swift in Sources */ = {isa = PBXBuildFile; fileRef = B71ADF821C4FAAE50065A276 /* SQLTests.swift */; };
		B7D04A741C4E4E44006C4F2F /* Date.swift in Sources */ = {isa = PBXBuildFile; fileRef = B7D04A731C4E4E44006C4F2F /* Date.swift */; };
		B7D04A7D1C4E94FA006C4F2F /* Regex.swift in Sources */ = {isa = PBXBuildFile; fileRef = B7D04A7B1C4E94FA006C4F2F /* Regex.swift */; };
		B7D04A7E1C4E94FA006C4F2F /* Time.swift in Sources */ = {isa = PBXBuildFile; fileRef = B7D04A7C1C4E94FA006C4F2F /* Time.swift */; };
		B7D04A821C4E96F6006C4F2F /* DateComponents.swift in Sources */ = {isa = PBXBuildFile; fileRef = B7D04A811C4E96F6006C4F2F /* DateComponents.swift */; };
/* End PBXBuildFile section */

/* Begin PBXContainerItemProxy section */
		B0C08DBD1C2A3C300088B16D /* PBXContainerItemProxy */ = {
			isa = PBXContainerItemProxy;
			containerPortal = B0C08DA81C2A3C300088B16D /* Project object */;
			proxyType = 1;
			remoteGlobalIDString = B0C08DB01C2A3C300088B16D;
			remoteInfo = Core;
		};
		B0F48C911C52B6F600FDACFE /* PBXContainerItemProxy */ = {
			isa = PBXContainerItemProxy;
			containerPortal = B0C08DA81C2A3C300088B16D /* Project object */;
			proxyType = 1;
			remoteGlobalIDString = B0C08DB01C2A3C300088B16D;
			remoteInfo = Flux;
		};
/* End PBXContainerItemProxy section */

/* Begin PBXCopyFilesBuildPhase section */
		B0F48C931C52B6F600FDACFE /* Embed Frameworks */ = {
			isa = PBXCopyFilesBuildPhase;
			buildActionMask = 2147483647;
			dstPath = "";
			dstSubfolderSpec = 10;
			files = (
				B0F48C901C52B6F600FDACFE /* Flux.framework in Embed Frameworks */,
			);
			name = "Embed Frameworks";
			runOnlyForDeploymentPostprocessing = 0;
		};
/* End PBXCopyFilesBuildPhase section */

/* Begin PBXFileReference section */
		37513E161C4C80AB00488AD4 /* Trie.swift */ = {isa = PBXFileReference; fileEncoding = 4; lastKnownFileType = sourcecode.swift; path = Trie.swift; sourceTree = "<group>"; };
		37513E181C4C80E200488AD4 /* TrieRouteMatcher.swift */ = {isa = PBXFileReference; fileEncoding = 4; lastKnownFileType = sourcecode.swift; path = TrieRouteMatcher.swift; sourceTree = "<group>"; };
		37B36EE21C4CB5FE00FE0D01 /* TrieMatcherTests.swift */ = {isa = PBXFileReference; fileEncoding = 4; lastKnownFileType = sourcecode.swift; name = TrieMatcherTests.swift; path = FluxTests/TrieMatcherTests.swift; sourceTree = SOURCE_ROOT; };
		B001F8F01C5592310013B1E3 /* Error.swift */ = {isa = PBXFileReference; fileEncoding = 4; lastKnownFileType = sourcecode.swift; name = Error.swift; path = Error/Error.swift; sourceTree = "<group>"; };
		B001F8F41C5729320013B1E3 /* Extensions.swift */ = {isa = PBXFileReference; fileEncoding = 4; lastKnownFileType = sourcecode.swift; path = Extensions.swift; sourceTree = "<group>"; };
		B001F8F51C5729320013B1E3 /* SHA1.swift */ = {isa = PBXFileReference; fileEncoding = 4; lastKnownFileType = sourcecode.swift; path = SHA1.swift; sourceTree = "<group>"; };
		B001F8F61C5729320013B1E3 /* WebSocket.swift */ = {isa = PBXFileReference; fileEncoding = 4; lastKnownFileType = sourcecode.swift; path = WebSocket.swift; sourceTree = "<group>"; };
		B001F8F71C5729320013B1E3 /* WebSocketFrame.swift */ = {isa = PBXFileReference; fileEncoding = 4; lastKnownFileType = sourcecode.swift; path = WebSocketFrame.swift; sourceTree = "<group>"; };
		B001F8F81C5729320013B1E3 /* WebSocketServer.swift */ = {isa = PBXFileReference; fileEncoding = 4; lastKnownFileType = sourcecode.swift; path = WebSocketServer.swift; sourceTree = "<group>"; };
		B0158A831C4C0456003700D3 /* SSLError.swift */ = {isa = PBXFileReference; fileEncoding = 4; lastKnownFileType = sourcecode.swift; path = SSLError.swift; sourceTree = "<group>"; };
		B015D0A91C52DF530017727B /* BranchMiddleware.swift */ = {isa = PBXFileReference; fileEncoding = 4; lastKnownFileType = sourcecode.swift; name = BranchMiddleware.swift; path = "Flux/Branch Middleware/BranchMiddleware.swift"; sourceTree = "<group>"; };
		B015D0AD1C5341720017727B /* Log.swift */ = {isa = PBXFileReference; fileEncoding = 4; lastKnownFileType = sourcecode.swift; name = Log.swift; path = Flux/Log/Log.swift; sourceTree = "<group>"; };
		B015D0B01C544C590017727B /* Once.swift */ = {isa = PBXFileReference; fileEncoding = 4; lastKnownFileType = sourcecode.swift; path = Once.swift; sourceTree = "<group>"; };
		B068CBB41C4F447000EF0B3E /* MessageType.swift */ = {isa = PBXFileReference; fileEncoding = 4; lastKnownFileType = sourcecode.swift; name = MessageType.swift; path = Message/MessageType.swift; sourceTree = "<group>"; };
		B0A918A61C4F6510002A2A98 /* Dictionary.swift */ = {isa = PBXFileReference; fileEncoding = 4; lastKnownFileType = sourcecode.swift; name = Dictionary.swift; path = Dictionary/Dictionary.swift; sourceTree = "<group>"; };
		B0B14C5D1C4AD313006ABA9E /* module.modulemap */ = {isa = PBXFileReference; lastKnownFileType = "sourcecode.module-map"; path = module.modulemap; sourceTree = "<group>"; };
		B0B14C601C4AD455006ABA9E /* Base64.swift */ = {isa = PBXFileReference; fileEncoding = 4; lastKnownFileType = sourcecode.swift; path = Base64.swift; sourceTree = "<group>"; };
		B0B14C641C4AD455006ABA9E /* Data.swift */ = {isa = PBXFileReference; fileEncoding = 4; lastKnownFileType = sourcecode.swift; path = Data.swift; sourceTree = "<group>"; };
		B0B14C661C4AD455006ABA9E /* EventEmitter.swift */ = {isa = PBXFileReference; fileEncoding = 4; lastKnownFileType = sourcecode.swift; path = EventEmitter.swift; sourceTree = "<group>"; };
		B0B14C671C4AD455006ABA9E /* EventListener.swift */ = {isa = PBXFileReference; fileEncoding = 4; lastKnownFileType = sourcecode.swift; path = EventListener.swift; sourceTree = "<group>"; };
		B0B14C691C4AD455006ABA9E /* File.swift */ = {isa = PBXFileReference; fileEncoding = 4; lastKnownFileType = sourcecode.swift; path = File.swift; sourceTree = "<group>"; };
		B0B14C6B1C4AD455006ABA9E /* Int.swift */ = {isa = PBXFileReference; fileEncoding = 4; lastKnownFileType = sourcecode.swift; path = Int.swift; sourceTree = "<group>"; };
		B0B14C6D1C4AD455006ABA9E /* InterchangeData.swift */ = {isa = PBXFileReference; fileEncoding = 4; lastKnownFileType = sourcecode.swift; path = InterchangeData.swift; sourceTree = "<group>"; };
		B0B14C6F1C4AD455006ABA9E /* JSONParser.swift */ = {isa = PBXFileReference; fileEncoding = 4; lastKnownFileType = sourcecode.swift; path = JSONParser.swift; sourceTree = "<group>"; };
		B0B14C701C4AD455006ABA9E /* JSONSerializer.swift */ = {isa = PBXFileReference; fileEncoding = 4; lastKnownFileType = sourcecode.swift; path = JSONSerializer.swift; sourceTree = "<group>"; };
		B0B14C721C4AD455006ABA9E /* MediaType.swift */ = {isa = PBXFileReference; fileEncoding = 4; lastKnownFileType = sourcecode.swift; path = MediaType.swift; sourceTree = "<group>"; };
		B0B14C781C4AD455006ABA9E /* Stream.swift */ = {isa = PBXFileReference; fileEncoding = 4; lastKnownFileType = sourcecode.swift; path = Stream.swift; sourceTree = "<group>"; };
		B0B14C7A1C4AD455006ABA9E /* String.swift */ = {isa = PBXFileReference; fileEncoding = 4; lastKnownFileType = sourcecode.swift; path = String.swift; sourceTree = "<group>"; };
		B0B14C7C1C4AD455006ABA9E /* URI.swift */ = {isa = PBXFileReference; fileEncoding = 4; lastKnownFileType = sourcecode.swift; path = URI.swift; sourceTree = "<group>"; };
		B0B14C7E1C4AD455006ABA9E /* URLEncodedFormParser.swift */ = {isa = PBXFileReference; fileEncoding = 4; lastKnownFileType = sourcecode.swift; path = URLEncodedFormParser.swift; sourceTree = "<group>"; };
		B0B14C7F1C4AD455006ABA9E /* URLEncodedFormSerializer.swift */ = {isa = PBXFileReference; fileEncoding = 4; lastKnownFileType = sourcecode.swift; path = URLEncodedFormSerializer.swift; sourceTree = "<group>"; };
		B0B14C821C4AD455006ABA9E /* Client.swift */ = {isa = PBXFileReference; fileEncoding = 4; lastKnownFileType = sourcecode.swift; path = Client.swift; sourceTree = "<group>"; };
		B0B14C831C4AD455006ABA9E /* ClientType.swift */ = {isa = PBXFileReference; fileEncoding = 4; lastKnownFileType = sourcecode.swift; path = ClientType.swift; sourceTree = "<group>"; };
		B0B14C841C4AD455006ABA9E /* RequestStreamSerializer.swift */ = {isa = PBXFileReference; fileEncoding = 4; lastKnownFileType = sourcecode.swift; path = RequestStreamSerializer.swift; sourceTree = "<group>"; };
		B0B14C851C4AD455006ABA9E /* ResponseStreamParser.swift */ = {isa = PBXFileReference; fileEncoding = 4; lastKnownFileType = sourcecode.swift; path = ResponseStreamParser.swift; sourceTree = "<group>"; };
		B0B14C861C4AD455006ABA9E /* TCPStreamClient.swift */ = {isa = PBXFileReference; fileEncoding = 4; lastKnownFileType = sourcecode.swift; path = TCPStreamClient.swift; sourceTree = "<group>"; };
		B0B14C881C4AD455006ABA9E /* MiddlewareType.swift */ = {isa = PBXFileReference; fileEncoding = 4; lastKnownFileType = sourcecode.swift; path = MiddlewareType.swift; sourceTree = "<group>"; };
		B0B14C8A1C4AD455006ABA9E /* Method+Parser.swift */ = {isa = PBXFileReference; fileEncoding = 4; lastKnownFileType = sourcecode.swift; path = "Method+Parser.swift"; sourceTree = "<group>"; };
		B0B14C8B1C4AD455006ABA9E /* ParseError.swift */ = {isa = PBXFileReference; fileEncoding = 4; lastKnownFileType = sourcecode.swift; path = ParseError.swift; sourceTree = "<group>"; };
		B0B14C8C1C4AD455006ABA9E /* RequestParser.swift */ = {isa = PBXFileReference; fileEncoding = 4; lastKnownFileType = sourcecode.swift; path = RequestParser.swift; sourceTree = "<group>"; };
		B0B14C8D1C4AD455006ABA9E /* ResponseParser.swift */ = {isa = PBXFileReference; fileEncoding = 4; lastKnownFileType = sourcecode.swift; path = ResponseParser.swift; sourceTree = "<group>"; };
		B0B14C8F1C4AD455006ABA9E /* Method.swift */ = {isa = PBXFileReference; fileEncoding = 4; lastKnownFileType = sourcecode.swift; path = Method.swift; sourceTree = "<group>"; };
		B0B14C901C4AD455006ABA9E /* Request.swift */ = {isa = PBXFileReference; fileEncoding = 4; lastKnownFileType = sourcecode.swift; path = Request.swift; sourceTree = "<group>"; };
		B0B14C921C4AD455006ABA9E /* ResponderType.swift */ = {isa = PBXFileReference; fileEncoding = 4; lastKnownFileType = sourcecode.swift; path = ResponderType.swift; sourceTree = "<group>"; };
		B0B14C941C4AD455006ABA9E /* Response.swift */ = {isa = PBXFileReference; fileEncoding = 4; lastKnownFileType = sourcecode.swift; path = Response.swift; sourceTree = "<group>"; };
		B0B14C951C4AD455006ABA9E /* Status.swift */ = {isa = PBXFileReference; fileEncoding = 4; lastKnownFileType = sourcecode.swift; path = Status.swift; sourceTree = "<group>"; };
		B0B14C971C4AD455006ABA9E /* RegexRouteMatcher.swift */ = {isa = PBXFileReference; fileEncoding = 4; lastKnownFileType = sourcecode.swift; path = RegexRouteMatcher.swift; sourceTree = "<group>"; };
		B0B14C981C4AD455006ABA9E /* RouteMatcherType.swift */ = {isa = PBXFileReference; fileEncoding = 4; lastKnownFileType = sourcecode.swift; path = RouteMatcherType.swift; sourceTree = "<group>"; };
		B0B14C991C4AD455006ABA9E /* Router.swift */ = {isa = PBXFileReference; fileEncoding = 4; lastKnownFileType = sourcecode.swift; path = Router.swift; sourceTree = "<group>"; };
		B0B14C9A1C4AD455006ABA9E /* RouterBuilder.swift */ = {isa = PBXFileReference; fileEncoding = 4; lastKnownFileType = sourcecode.swift; path = RouterBuilder.swift; sourceTree = "<group>"; };
		B0B14C9C1C4AD455006ABA9E /* RequestStreamParser.swift */ = {isa = PBXFileReference; fileEncoding = 4; lastKnownFileType = sourcecode.swift; path = RequestStreamParser.swift; sourceTree = "<group>"; };
		B0B14C9D1C4AD455006ABA9E /* ResponseStreamSerializer.swift */ = {isa = PBXFileReference; fileEncoding = 4; lastKnownFileType = sourcecode.swift; path = ResponseStreamSerializer.swift; sourceTree = "<group>"; };
		B0B14C9E1C4AD455006ABA9E /* Server.swift */ = {isa = PBXFileReference; fileEncoding = 4; lastKnownFileType = sourcecode.swift; path = Server.swift; sourceTree = "<group>"; };
		B0B14C9F1C4AD455006ABA9E /* ServerType.swift */ = {isa = PBXFileReference; fileEncoding = 4; lastKnownFileType = sourcecode.swift; path = ServerType.swift; sourceTree = "<group>"; };
		B0B14CA01C4AD455006ABA9E /* TCPStreamServer.swift */ = {isa = PBXFileReference; fileEncoding = 4; lastKnownFileType = sourcecode.swift; path = TCPStreamServer.swift; sourceTree = "<group>"; };
		B0B14CA21C4AD455006ABA9E /* TCPStream.swift */ = {isa = PBXFileReference; fileEncoding = 4; lastKnownFileType = sourcecode.swift; path = TCPStream.swift; sourceTree = "<group>"; };
		B0B14CA41C4AD455006ABA9E /* Channel.swift */ = {isa = PBXFileReference; fileEncoding = 4; lastKnownFileType = sourcecode.swift; path = Channel.swift; sourceTree = "<group>"; };
		B0B14CA51C4AD455006ABA9E /* Coroutine.swift */ = {isa = PBXFileReference; fileEncoding = 4; lastKnownFileType = sourcecode.swift; path = Coroutine.swift; sourceTree = "<group>"; };
		B0B14CA61C4AD455006ABA9E /* FallibleChannel.swift */ = {isa = PBXFileReference; fileEncoding = 4; lastKnownFileType = sourcecode.swift; path = FallibleChannel.swift; sourceTree = "<group>"; };
		B0B14CA71C4AD455006ABA9E /* FallibleReceivable.swift */ = {isa = PBXFileReference; fileEncoding = 4; lastKnownFileType = sourcecode.swift; path = FallibleReceivable.swift; sourceTree = "<group>"; };
		B0B14CA81C4AD455006ABA9E /* FallibleReceivingChannel.swift */ = {isa = PBXFileReference; fileEncoding = 4; lastKnownFileType = sourcecode.swift; path = FallibleReceivingChannel.swift; sourceTree = "<group>"; };
		B0B14CA91C4AD455006ABA9E /* FallibleSendable.swift */ = {isa = PBXFileReference; fileEncoding = 4; lastKnownFileType = sourcecode.swift; path = FallibleSendable.swift; sourceTree = "<group>"; };
		B0B14CAA1C4AD455006ABA9E /* FallibleSendingChannel.swift */ = {isa = PBXFileReference; fileEncoding = 4; lastKnownFileType = sourcecode.swift; path = FallibleSendingChannel.swift; sourceTree = "<group>"; };
		B0B14CAB1C4AD455006ABA9E /* IP.swift */ = {isa = PBXFileReference; fileEncoding = 4; lastKnownFileType = sourcecode.swift; path = IP.swift; sourceTree = "<group>"; };
		B0B14CAC1C4AD455006ABA9E /* IPError.swift */ = {isa = PBXFileReference; fileEncoding = 4; lastKnownFileType = sourcecode.swift; path = IPError.swift; sourceTree = "<group>"; };
		B0B14CAE1C4AD455006ABA9E /* Poller.swift */ = {isa = PBXFileReference; fileEncoding = 4; lastKnownFileType = sourcecode.swift; path = Poller.swift; sourceTree = "<group>"; };
		B0B14CAF1C4AD455006ABA9E /* Receivable.swift */ = {isa = PBXFileReference; fileEncoding = 4; lastKnownFileType = sourcecode.swift; path = Receivable.swift; sourceTree = "<group>"; };
		B0B14CB01C4AD455006ABA9E /* ReceivingChannel.swift */ = {isa = PBXFileReference; fileEncoding = 4; lastKnownFileType = sourcecode.swift; path = ReceivingChannel.swift; sourceTree = "<group>"; };
		B0B14CB11C4AD455006ABA9E /* Select.swift */ = {isa = PBXFileReference; fileEncoding = 4; lastKnownFileType = sourcecode.swift; path = Select.swift; sourceTree = "<group>"; };
		B0B14CB21C4AD455006ABA9E /* Sendable.swift */ = {isa = PBXFileReference; fileEncoding = 4; lastKnownFileType = sourcecode.swift; path = Sendable.swift; sourceTree = "<group>"; };
		B0B14CB31C4AD455006ABA9E /* SendingChannel.swift */ = {isa = PBXFileReference; fileEncoding = 4; lastKnownFileType = sourcecode.swift; path = SendingChannel.swift; sourceTree = "<group>"; };
		B0B14CB41C4AD455006ABA9E /* TCPClientSocket.swift */ = {isa = PBXFileReference; fileEncoding = 4; lastKnownFileType = sourcecode.swift; path = TCPClientSocket.swift; sourceTree = "<group>"; };
		B0B14CB51C4AD455006ABA9E /* TCPError.swift */ = {isa = PBXFileReference; fileEncoding = 4; lastKnownFileType = sourcecode.swift; path = TCPError.swift; sourceTree = "<group>"; };
		B0B14CB61C4AD455006ABA9E /* TCPServerSocket.swift */ = {isa = PBXFileReference; fileEncoding = 4; lastKnownFileType = sourcecode.swift; path = TCPServerSocket.swift; sourceTree = "<group>"; };
		B0B14CB71C4AD455006ABA9E /* Ticker.swift */ = {isa = PBXFileReference; fileEncoding = 4; lastKnownFileType = sourcecode.swift; path = Ticker.swift; sourceTree = "<group>"; };
		B0B14CB81C4AD455006ABA9E /* Timer.swift */ = {isa = PBXFileReference; fileEncoding = 4; lastKnownFileType = sourcecode.swift; path = Timer.swift; sourceTree = "<group>"; };
		B0B14D031C4AD65A006ABA9E /* Flux.h */ = {isa = PBXFileReference; fileEncoding = 4; lastKnownFileType = sourcecode.c.h; name = Flux.h; path = Flux/Flux.h; sourceTree = SOURCE_ROOT; };
		B0B14D051C4AD6AC006ABA9E /* Tests.swift */ = {isa = PBXFileReference; fileEncoding = 4; lastKnownFileType = sourcecode.swift; name = Tests.swift; path = FluxTests/Tests.swift; sourceTree = SOURCE_ROOT; };
		B0B14D081C4AD72F006ABA9E /* ContentNegotiatorMiddleware.swift */ = {isa = PBXFileReference; fileEncoding = 4; lastKnownFileType = sourcecode.swift; path = ContentNegotiatorMiddleware.swift; sourceTree = "<group>"; };
		B0B14D091C4AD72F006ABA9E /* FileResponder.swift */ = {isa = PBXFileReference; fileEncoding = 4; lastKnownFileType = sourcecode.swift; path = FileResponder.swift; sourceTree = "<group>"; };
		B0B14D0A1C4AD72F006ABA9E /* LoggerMiddleware.swift */ = {isa = PBXFileReference; fileEncoding = 4; lastKnownFileType = sourcecode.swift; path = LoggerMiddleware.swift; sourceTree = "<group>"; };
		B0B14D0B1C4AD72F006ABA9E /* MultipartBodyParserMiddleware.swift */ = {isa = PBXFileReference; fileEncoding = 4; lastKnownFileType = sourcecode.swift; path = MultipartBodyParserMiddleware.swift; sourceTree = "<group>"; };
		B0B14D0C1C4AD72F006ABA9E /* Request+Content.swift */ = {isa = PBXFileReference; fileEncoding = 4; lastKnownFileType = sourcecode.swift; path = "Request+Content.swift"; sourceTree = "<group>"; };
		B0B14D0D1C4AD72F006ABA9E /* Response+Content.swift */ = {isa = PBXFileReference; fileEncoding = 4; lastKnownFileType = sourcecode.swift; path = "Response+Content.swift"; sourceTree = "<group>"; };
		B0B14D0E1C4AD72F006ABA9E /* Response+File.swift */ = {isa = PBXFileReference; fileEncoding = 4; lastKnownFileType = sourcecode.swift; path = "Response+File.swift"; sourceTree = "<group>"; };
		B0B14D0F1C4AD72F006ABA9E /* URLEncodedBodyParserMiddleware.swift */ = {isa = PBXFileReference; fileEncoding = 4; lastKnownFileType = sourcecode.swift; path = URLEncodedBodyParserMiddleware.swift; sourceTree = "<group>"; };
		B0B14D1D1C4B2610006ABA9E /* UDP.swift */ = {isa = PBXFileReference; fileEncoding = 4; lastKnownFileType = sourcecode.swift; name = UDP.swift; path = ../Sources/Flux/UDP/UDP.swift; sourceTree = "<group>"; };
		B0B14D201C4BBAA5006ABA9E /* OpenSSL.swift */ = {isa = PBXFileReference; fileEncoding = 4; lastKnownFileType = sourcecode.swift; path = OpenSSL.swift; sourceTree = "<group>"; };
		B0B14D211C4BBAA5006ABA9E /* SSLCertificate.swift */ = {isa = PBXFileReference; fileEncoding = 4; lastKnownFileType = sourcecode.swift; path = SSLCertificate.swift; sourceTree = "<group>"; };
		B0B14D221C4BBAA5006ABA9E /* SSLClientContext.swift */ = {isa = PBXFileReference; fileEncoding = 4; lastKnownFileType = sourcecode.swift; path = SSLClientContext.swift; sourceTree = "<group>"; };
		B0B14D231C4BBAA5006ABA9E /* SSLClientStream.swift */ = {isa = PBXFileReference; fileEncoding = 4; lastKnownFileType = sourcecode.swift; path = SSLClientStream.swift; sourceTree = "<group>"; };
		B0B14D241C4BBAA5006ABA9E /* SSLContext.swift */ = {isa = PBXFileReference; fileEncoding = 4; lastKnownFileType = sourcecode.swift; path = SSLContext.swift; sourceTree = "<group>"; };
		B0B14D251C4BBAA5006ABA9E /* SSLDWrap.swift */ = {isa = PBXFileReference; fileEncoding = 4; lastKnownFileType = sourcecode.swift; path = SSLDWrap.swift; sourceTree = "<group>"; };
		B0B14D261C4BBAA5006ABA9E /* SSLIO.swift */ = {isa = PBXFileReference; fileEncoding = 4; lastKnownFileType = sourcecode.swift; path = SSLIO.swift; sourceTree = "<group>"; };
		B0B14D271C4BBAA5006ABA9E /* SSLKey.swift */ = {isa = PBXFileReference; fileEncoding = 4; lastKnownFileType = sourcecode.swift; path = SSLKey.swift; sourceTree = "<group>"; };
		B0B14D281C4BBAA5006ABA9E /* SSLMethod.swift */ = {isa = PBXFileReference; fileEncoding = 4; lastKnownFileType = sourcecode.swift; path = SSLMethod.swift; sourceTree = "<group>"; };
		B0B14D291C4BBAA5006ABA9E /* SSLServerContext.swift */ = {isa = PBXFileReference; fileEncoding = 4; lastKnownFileType = sourcecode.swift; path = SSLServerContext.swift; sourceTree = "<group>"; };
		B0B14D2A1C4BBAA5006ABA9E /* SSLServerStream.swift */ = {isa = PBXFileReference; fileEncoding = 4; lastKnownFileType = sourcecode.swift; path = SSLServerStream.swift; sourceTree = "<group>"; };
		B0B14D2B1C4BBAA5006ABA9E /* SSLSession.swift */ = {isa = PBXFileReference; fileEncoding = 4; lastKnownFileType = sourcecode.swift; path = SSLSession.swift; sourceTree = "<group>"; };
		B0B14D381C4BC3F4006ABA9E /* TCPSSLStreamServer.swift */ = {isa = PBXFileReference; fileEncoding = 4; lastKnownFileType = sourcecode.swift; path = TCPSSLStreamServer.swift; sourceTree = "<group>"; };
		B0C08DB11C2A3C300088B16D /* Flux.framework */ = {isa = PBXFileReference; explicitFileType = wrapper.framework; includeInIndex = 0; path = Flux.framework; sourceTree = BUILT_PRODUCTS_DIR; };
		B0C08DBB1C2A3C300088B16D /* FluxTests.xctest */ = {isa = PBXFileReference; explicitFileType = wrapper.cfbundle; includeInIndex = 0; path = FluxTests.xctest; sourceTree = BUILT_PRODUCTS_DIR; };
		B0C08E911C2C76000088B16D /* Package.swift */ = {isa = PBXFileReference; lastKnownFileType = sourcecode.swift; name = Package.swift; path = ../Package.swift; sourceTree = "<group>"; };
		B0DCBDFB1C51073A00B2AFA3 /* TCPSocket.swift */ = {isa = PBXFileReference; fileEncoding = 4; lastKnownFileType = sourcecode.swift; path = TCPSocket.swift; sourceTree = "<group>"; };
		B0DCBDFD1C510B2600B2AFA3 /* UDPError.swift */ = {isa = PBXFileReference; fileEncoding = 4; lastKnownFileType = sourcecode.swift; name = UDPError.swift; path = ../Sources/Flux/UDP/UDPError.swift; sourceTree = "<group>"; };
		B0DCBF6D1C514C8F00B2AFA3 /* chan.c */ = {isa = PBXFileReference; fileEncoding = 4; lastKnownFileType = sourcecode.c.c; path = chan.c; sourceTree = "<group>"; };
		B0DCBF6E1C514C8F00B2AFA3 /* chan.h */ = {isa = PBXFileReference; fileEncoding = 4; lastKnownFileType = sourcecode.c.h; path = chan.h; sourceTree = "<group>"; };
		B0DCBF6F1C514C8F00B2AFA3 /* cr.c */ = {isa = PBXFileReference; fileEncoding = 4; lastKnownFileType = sourcecode.c.c; path = cr.c; sourceTree = "<group>"; };
		B0DCBF701C514C8F00B2AFA3 /* cr.h */ = {isa = PBXFileReference; fileEncoding = 4; lastKnownFileType = sourcecode.c.h; path = cr.h; sourceTree = "<group>"; };
		B0DCBF711C514C8F00B2AFA3 /* debug.c */ = {isa = PBXFileReference; fileEncoding = 4; lastKnownFileType = sourcecode.c.c; path = debug.c; sourceTree = "<group>"; };
		B0DCBF721C514C8F00B2AFA3 /* debug.h */ = {isa = PBXFileReference; fileEncoding = 4; lastKnownFileType = sourcecode.c.h; path = debug.h; sourceTree = "<group>"; };
		B0DCBF731C514C8F00B2AFA3 /* dns.c */ = {isa = PBXFileReference; fileEncoding = 4; lastKnownFileType = sourcecode.c.c; path = dns.c; sourceTree = "<group>"; };
		B0DCBF741C514C8F00B2AFA3 /* dns.h */ = {isa = PBXFileReference; fileEncoding = 4; lastKnownFileType = sourcecode.c.h; path = dns.h; sourceTree = "<group>"; };
		B0DCBF751C514C8F00B2AFA3 /* epoll.inc */ = {isa = PBXFileReference; fileEncoding = 4; lastKnownFileType = sourcecode.pascal; path = epoll.inc; sourceTree = "<group>"; xcLanguageSpecificationIdentifier = xcode.lang.c; };
		B0DCBF761C514C8F00B2AFA3 /* ip.c */ = {isa = PBXFileReference; fileEncoding = 4; lastKnownFileType = sourcecode.c.c; path = ip.c; sourceTree = "<group>"; };
		B0DCBF771C514C8F00B2AFA3 /* ip.h */ = {isa = PBXFileReference; fileEncoding = 4; lastKnownFileType = sourcecode.c.h; path = ip.h; sourceTree = "<group>"; };
		B0DCBF781C514C8F00B2AFA3 /* kqueue.inc */ = {isa = PBXFileReference; fileEncoding = 4; lastKnownFileType = sourcecode.pascal; path = kqueue.inc; sourceTree = "<group>"; xcLanguageSpecificationIdentifier = xcode.lang.c; };
		B0DCBF791C514C8F00B2AFA3 /* libvenice.h */ = {isa = PBXFileReference; fileEncoding = 4; lastKnownFileType = sourcecode.c.h; path = libvenice.h; sourceTree = "<group>"; };
		B0DCBF7A1C514C8F00B2AFA3 /* LICENSE */ = {isa = PBXFileReference; fileEncoding = 4; lastKnownFileType = text; path = LICENSE; sourceTree = "<group>"; };
		B0DCBF7B1C514C8F00B2AFA3 /* list.c */ = {isa = PBXFileReference; fileEncoding = 4; lastKnownFileType = sourcecode.c.c; path = list.c; sourceTree = "<group>"; };
		B0DCBF7C1C514C8F00B2AFA3 /* list.h */ = {isa = PBXFileReference; fileEncoding = 4; lastKnownFileType = sourcecode.c.h; path = list.h; sourceTree = "<group>"; };
		B0DCBF7D1C514C8F00B2AFA3 /* file.c */ = {isa = PBXFileReference; fileEncoding = 4; lastKnownFileType = sourcecode.c.c; path = file.c; sourceTree = "<group>"; };
		B0DCBF801C514C8F00B2AFA3 /* poll.inc */ = {isa = PBXFileReference; fileEncoding = 4; lastKnownFileType = sourcecode.pascal; path = poll.inc; sourceTree = "<group>"; };
		B0DCBF811C514C8F00B2AFA3 /* poller.c */ = {isa = PBXFileReference; fileEncoding = 4; lastKnownFileType = sourcecode.c.c; path = poller.c; sourceTree = "<group>"; };
		B0DCBF821C514C8F00B2AFA3 /* poller.h */ = {isa = PBXFileReference; fileEncoding = 4; lastKnownFileType = sourcecode.c.h; path = poller.h; sourceTree = "<group>"; };
		B0DCBF841C514C8F00B2AFA3 /* slist.c */ = {isa = PBXFileReference; fileEncoding = 4; lastKnownFileType = sourcecode.c.c; path = slist.c; sourceTree = "<group>"; };
		B0DCBF851C514C8F00B2AFA3 /* slist.h */ = {isa = PBXFileReference; fileEncoding = 4; lastKnownFileType = sourcecode.c.h; path = slist.h; sourceTree = "<group>"; };
		B0DCBF861C514C8F00B2AFA3 /* stack.c */ = {isa = PBXFileReference; fileEncoding = 4; lastKnownFileType = sourcecode.c.c; path = stack.c; sourceTree = "<group>"; };
		B0DCBF871C514C8F00B2AFA3 /* stack.h */ = {isa = PBXFileReference; fileEncoding = 4; lastKnownFileType = sourcecode.c.h; path = stack.h; sourceTree = "<group>"; };
		B0DCBF881C514C8F00B2AFA3 /* tcp.c */ = {isa = PBXFileReference; fileEncoding = 4; lastKnownFileType = sourcecode.c.c; path = tcp.c; sourceTree = "<group>"; };
		B0DCBF891C514C8F00B2AFA3 /* timer.c */ = {isa = PBXFileReference; fileEncoding = 4; lastKnownFileType = sourcecode.c.c; path = timer.c; sourceTree = "<group>"; };
		B0DCBF8A1C514C8F00B2AFA3 /* timer.h */ = {isa = PBXFileReference; fileEncoding = 4; lastKnownFileType = sourcecode.c.h; path = timer.h; sourceTree = "<group>"; };
		B0DCBF8B1C514C8F00B2AFA3 /* udp.c */ = {isa = PBXFileReference; fileEncoding = 4; lastKnownFileType = sourcecode.c.c; path = udp.c; sourceTree = "<group>"; };
		B0DCBF8C1C514C9000B2AFA3 /* unix.c */ = {isa = PBXFileReference; fileEncoding = 4; lastKnownFileType = sourcecode.c.c; path = unix.c; sourceTree = "<group>"; };
		B0DCBF8D1C514C9000B2AFA3 /* utils.h */ = {isa = PBXFileReference; fileEncoding = 4; lastKnownFileType = sourcecode.c.h; path = utils.h; sourceTree = "<group>"; };
		B0F48C821C51EE5700FDACFE /* FileError.swift */ = {isa = PBXFileReference; fileEncoding = 4; lastKnownFileType = sourcecode.swift; path = FileError.swift; sourceTree = "<group>"; };
		B0F48C871C52B6AB00FDACFE /* FluxApp.app */ = {isa = PBXFileReference; explicitFileType = wrapper.application; includeInIndex = 0; path = FluxApp.app; sourceTree = BUILT_PRODUCTS_DIR; };
		B0F48C891C52B6AB00FDACFE /* main.swift */ = {isa = PBXFileReference; lastKnownFileType = sourcecode.swift; path = main.swift; sourceTree = "<group>"; };
		B0F48C8B1C52B6AB00FDACFE /* Info.plist */ = {isa = PBXFileReference; lastKnownFileType = text.plist.xml; path = Info.plist; sourceTree = "<group>"; };
		B71ADF6F1C4FA49C0065A276 /* Connection.swift */ = {isa = PBXFileReference; fileEncoding = 4; lastKnownFileType = sourcecode.swift; path = Connection.swift; sourceTree = "<group>"; };
		B71ADF701C4FA49C0065A276 /* Field.swift */ = {isa = PBXFileReference; fileEncoding = 4; lastKnownFileType = sourcecode.swift; path = Field.swift; sourceTree = "<group>"; };
		B71ADF711C4FA49C0065A276 /* Result.swift */ = {isa = PBXFileReference; fileEncoding = 4; lastKnownFileType = sourcecode.swift; path = Result.swift; sourceTree = "<group>"; };
		B71ADF721C4FA49C0065A276 /* Row.swift */ = {isa = PBXFileReference; fileEncoding = 4; lastKnownFileType = sourcecode.swift; path = Row.swift; sourceTree = "<group>"; };
		B71ADF731C4FA49C0065A276 /* QueryParameter.swift */ = {isa = PBXFileReference; fileEncoding = 4; lastKnownFileType = sourcecode.swift; path = QueryParameter.swift; sourceTree = "<group>"; };
		B71ADF761C4FA49C0065A276 /* MigrationManager.swift */ = {isa = PBXFileReference; fileEncoding = 4; lastKnownFileType = sourcecode.swift; path = MigrationManager.swift; sourceTree = "<group>"; };
		B71ADF821C4FAAE50065A276 /* SQLTests.swift */ = {isa = PBXFileReference; fileEncoding = 4; lastKnownFileType = sourcecode.swift; name = SQLTests.swift; path = FluxTests/SQLTests.swift; sourceTree = SOURCE_ROOT; };
		B7D04A731C4E4E44006C4F2F /* Date.swift */ = {isa = PBXFileReference; fileEncoding = 4; lastKnownFileType = sourcecode.swift; path = Date.swift; sourceTree = "<group>"; };
		B7D04A7B1C4E94FA006C4F2F /* Regex.swift */ = {isa = PBXFileReference; fileEncoding = 4; lastKnownFileType = sourcecode.swift; path = Regex.swift; sourceTree = "<group>"; };
		B7D04A7C1C4E94FA006C4F2F /* Time.swift */ = {isa = PBXFileReference; fileEncoding = 4; lastKnownFileType = sourcecode.swift; path = Time.swift; sourceTree = "<group>"; };
		B7D04A811C4E96F6006C4F2F /* DateComponents.swift */ = {isa = PBXFileReference; fileEncoding = 4; lastKnownFileType = sourcecode.swift; path = DateComponents.swift; sourceTree = "<group>"; };
/* End PBXFileReference section */

/* Begin PBXFrameworksBuildPhase section */
		B0C08DAD1C2A3C300088B16D /* Frameworks */ = {
			isa = PBXFrameworksBuildPhase;
			buildActionMask = 2147483647;
			files = (
			);
			runOnlyForDeploymentPostprocessing = 0;
		};
		B0C08DB81C2A3C300088B16D /* Frameworks */ = {
			isa = PBXFrameworksBuildPhase;
			buildActionMask = 2147483647;
			files = (
				B0C08DBC1C2A3C300088B16D /* Flux.framework in Frameworks */,
			);
			runOnlyForDeploymentPostprocessing = 0;
		};
		B0F48C851C52B6AB00FDACFE /* Frameworks */ = {
			isa = PBXFrameworksBuildPhase;
			buildActionMask = 2147483647;
			files = (
				B0F48C8F1C52B6F600FDACFE /* Flux.framework in Frameworks */,
			);
			runOnlyForDeploymentPostprocessing = 0;
		};
/* End PBXFrameworksBuildPhase section */

/* Begin PBXGroup section */
		B001F8F21C55925F0013B1E3 /* Error */ = {
			isa = PBXGroup;
			children = (
				B001F8F01C5592310013B1E3 /* Error.swift */,
			);
			name = Error;
			sourceTree = "<group>";
		};
		B001F8F31C5729320013B1E3 /* Web Socket */ = {
			isa = PBXGroup;
			children = (
				B001F8F41C5729320013B1E3 /* Extensions.swift */,
				B001F8F51C5729320013B1E3 /* SHA1.swift */,
				B001F8F61C5729320013B1E3 /* WebSocket.swift */,
				B001F8F71C5729320013B1E3 /* WebSocketFrame.swift */,
				B001F8F81C5729320013B1E3 /* WebSocketServer.swift */,
			);
			name = "Web Socket";
			path = "Flux/Web Socket";
			sourceTree = "<group>";
		};
		B015D0A81C52DF1C0017727B /* Branch Middleware */ = {
			isa = PBXGroup;
			children = (
				B015D0A91C52DF530017727B /* BranchMiddleware.swift */,
			);
			name = "Branch Middleware";
			sourceTree = "<group>";
		};
		B015D0AC1C53409C0017727B /* Log */ = {
			isa = PBXGroup;
			children = (
				B015D0AD1C5341720017727B /* Log.swift */,
			);
			name = Log;
			sourceTree = "<group>";
		};
		B015D0AF1C544C4A0017727B /* Once */ = {
			isa = PBXGroup;
			children = (
				B015D0B01C544C590017727B /* Once.swift */,
			);
			name = Once;
			sourceTree = "<group>";
		};
		B068CBB31C4F445300EF0B3E /* Message */ = {
			isa = PBXGroup;
			children = (
				B068CBB41C4F447000EF0B3E /* MessageType.swift */,
			);
			name = Message;
			sourceTree = "<group>";
		};
		B0A918A51C4F64FE002A2A98 /* Dictionary */ = {
			isa = PBXGroup;
			children = (
				B0A918A61C4F6510002A2A98 /* Dictionary.swift */,
			);
			name = Dictionary;
			sourceTree = "<group>";
		};
		B0B14C5E1C4AD455006ABA9E /* Core */ = {
			isa = PBXGroup;
			children = (
				B0A918A51C4F64FE002A2A98 /* Dictionary */,
				B0B14C791C4AD455006ABA9E /* String */,
				B0B14C6A1C4AD455006ABA9E /* Int */,
				B0B14C631C4AD455006ABA9E /* Data */,
				B7D04A721C4E4E44006C4F2F /* Date */,
				B0B14C5F1C4AD455006ABA9E /* Base64 */,
				B0B14C651C4AD455006ABA9E /* Events */,
				B0B14C711C4AD455006ABA9E /* MediaType */,
				B0B14C771C4AD455006ABA9E /* Stream */,
				B0B14C7B1C4AD455006ABA9E /* URI */,
				B7D04A7A1C4E94FA006C4F2F /* POSIX */,
				B001F8F21C55925F0013B1E3 /* Error */,
			);
			name = Core;
			path = Flux/Core;
			sourceTree = "<group>";
		};
		B0B14C5F1C4AD455006ABA9E /* Base64 */ = {
			isa = PBXGroup;
			children = (
				B0B14C601C4AD455006ABA9E /* Base64.swift */,
			);
			path = Base64;
			sourceTree = "<group>";
		};
		B0B14C631C4AD455006ABA9E /* Data */ = {
			isa = PBXGroup;
			children = (
				B0B14C641C4AD455006ABA9E /* Data.swift */,
			);
			path = Data;
			sourceTree = "<group>";
		};
		B0B14C651C4AD455006ABA9E /* Events */ = {
			isa = PBXGroup;
			children = (
				B0B14C661C4AD455006ABA9E /* EventEmitter.swift */,
				B0B14C671C4AD455006ABA9E /* EventListener.swift */,
			);
			path = Events;
			sourceTree = "<group>";
		};
		B0B14C681C4AD455006ABA9E /* File */ = {
			isa = PBXGroup;
			children = (
				B0B14C691C4AD455006ABA9E /* File.swift */,
				B0F48C821C51EE5700FDACFE /* FileError.swift */,
			);
			name = File;
			path = Flux/Core/File;
			sourceTree = "<group>";
		};
		B0B14C6A1C4AD455006ABA9E /* Int */ = {
			isa = PBXGroup;
			children = (
				B0B14C6B1C4AD455006ABA9E /* Int.swift */,
			);
			path = Int;
			sourceTree = "<group>";
		};
		B0B14C6C1C4AD455006ABA9E /* InterchangeData */ = {
			isa = PBXGroup;
			children = (
				B0B14C6D1C4AD455006ABA9E /* InterchangeData.swift */,
				B0B14C7D1C4AD455006ABA9E /* URLEncodedForm */,
				B0B14C6E1C4AD455006ABA9E /* JSON */,
			);
			name = InterchangeData;
			path = Flux/Core/InterchangeData;
			sourceTree = "<group>";
		};
		B0B14C6E1C4AD455006ABA9E /* JSON */ = {
			isa = PBXGroup;
			children = (
				B0B14C6F1C4AD455006ABA9E /* JSONParser.swift */,
				B0B14C701C4AD455006ABA9E /* JSONSerializer.swift */,
			);
			name = JSON;
			path = ../JSON;
			sourceTree = "<group>";
		};
		B0B14C711C4AD455006ABA9E /* MediaType */ = {
			isa = PBXGroup;
			children = (
				B0B14C721C4AD455006ABA9E /* MediaType.swift */,
			);
			path = MediaType;
			sourceTree = "<group>";
		};
		B0B14C771C4AD455006ABA9E /* Stream */ = {
			isa = PBXGroup;
			children = (
				B0B14C781C4AD455006ABA9E /* Stream.swift */,
			);
			path = Stream;
			sourceTree = "<group>";
		};
		B0B14C791C4AD455006ABA9E /* String */ = {
			isa = PBXGroup;
			children = (
				B0B14C7A1C4AD455006ABA9E /* String.swift */,
			);
			path = String;
			sourceTree = "<group>";
		};
		B0B14C7B1C4AD455006ABA9E /* URI */ = {
			isa = PBXGroup;
			children = (
				B0B14C7C1C4AD455006ABA9E /* URI.swift */,
			);
			path = URI;
			sourceTree = "<group>";
		};
		B0B14C7D1C4AD455006ABA9E /* URLEncodedForm */ = {
			isa = PBXGroup;
			children = (
				B0B14C7E1C4AD455006ABA9E /* URLEncodedFormParser.swift */,
				B0B14C7F1C4AD455006ABA9E /* URLEncodedFormSerializer.swift */,
			);
			name = URLEncodedForm;
			path = ../URLEncodedForm;
			sourceTree = "<group>";
		};
		B0B14C801C4AD455006ABA9E /* HTTP */ = {
			isa = PBXGroup;
			children = (
				B068CBB31C4F445300EF0B3E /* Message */,
				B0B14C811C4AD455006ABA9E /* Client */,
				B0B14C871C4AD455006ABA9E /* Middleware */,
				B0B14C891C4AD455006ABA9E /* Parser */,
				B0B14C8E1C4AD455006ABA9E /* Request */,
				B0B14C911C4AD455006ABA9E /* Responder */,
				B0B14C931C4AD455006ABA9E /* Response */,
				B0B14C9B1C4AD455006ABA9E /* Server */,
				B0B14CA11C4AD455006ABA9E /* TCP Stream */,
				B0B14D071C4AD72F006ABA9E /* File */,
			);
			name = HTTP;
			path = Flux/HTTP;
			sourceTree = "<group>";
		};
		B0B14C811C4AD455006ABA9E /* Client */ = {
			isa = PBXGroup;
			children = (
				B0B14C821C4AD455006ABA9E /* Client.swift */,
				B0B14C831C4AD455006ABA9E /* ClientType.swift */,
				B0B14C841C4AD455006ABA9E /* RequestStreamSerializer.swift */,
				B0B14C851C4AD455006ABA9E /* ResponseStreamParser.swift */,
				B0B14C861C4AD455006ABA9E /* TCPStreamClient.swift */,
			);
			path = Client;
			sourceTree = "<group>";
		};
		B0B14C871C4AD455006ABA9E /* Middleware */ = {
			isa = PBXGroup;
			children = (
				B0B14C881C4AD455006ABA9E /* MiddlewareType.swift */,
			);
			path = Middleware;
			sourceTree = "<group>";
		};
		B0B14C891C4AD455006ABA9E /* Parser */ = {
			isa = PBXGroup;
			children = (
				B0B14C8A1C4AD455006ABA9E /* Method+Parser.swift */,
				B0B14C8B1C4AD455006ABA9E /* ParseError.swift */,
				B0B14C8C1C4AD455006ABA9E /* RequestParser.swift */,
				B0B14C8D1C4AD455006ABA9E /* ResponseParser.swift */,
			);
			path = Parser;
			sourceTree = "<group>";
		};
		B0B14C8E1C4AD455006ABA9E /* Request */ = {
			isa = PBXGroup;
			children = (
				B0B14C8F1C4AD455006ABA9E /* Method.swift */,
				B0B14C901C4AD455006ABA9E /* Request.swift */,
			);
			path = Request;
			sourceTree = "<group>";
		};
		B0B14C911C4AD455006ABA9E /* Responder */ = {
			isa = PBXGroup;
			children = (
				B0B14C921C4AD455006ABA9E /* ResponderType.swift */,
			);
			path = Responder;
			sourceTree = "<group>";
		};
		B0B14C931C4AD455006ABA9E /* Response */ = {
			isa = PBXGroup;
			children = (
				B0B14C941C4AD455006ABA9E /* Response.swift */,
				B0B14C951C4AD455006ABA9E /* Status.swift */,
			);
			path = Response;
			sourceTree = "<group>";
		};
		B0B14C961C4AD455006ABA9E /* Router */ = {
			isa = PBXGroup;
			children = (
				B0B14C981C4AD455006ABA9E /* RouteMatcherType.swift */,
				B0B14C991C4AD455006ABA9E /* Router.swift */,
				B0B14C9A1C4AD455006ABA9E /* RouterBuilder.swift */,
				B0B14C971C4AD455006ABA9E /* RegexRouteMatcher.swift */,
				37513E161C4C80AB00488AD4 /* Trie.swift */,
				37513E181C4C80E200488AD4 /* TrieRouteMatcher.swift */,
			);
			name = Router;
			path = Flux/HTTP/Router;
			sourceTree = "<group>";
		};
		B0B14C9B1C4AD455006ABA9E /* Server */ = {
			isa = PBXGroup;
			children = (
				B0B14C9C1C4AD455006ABA9E /* RequestStreamParser.swift */,
				B0B14C9D1C4AD455006ABA9E /* ResponseStreamSerializer.swift */,
				B0B14C9E1C4AD455006ABA9E /* Server.swift */,
				B0B14C9F1C4AD455006ABA9E /* ServerType.swift */,
				B0B14CA01C4AD455006ABA9E /* TCPStreamServer.swift */,
				B0B14D381C4BC3F4006ABA9E /* TCPSSLStreamServer.swift */,
			);
			path = Server;
			sourceTree = "<group>";
		};
		B0B14CA11C4AD455006ABA9E /* TCP Stream */ = {
			isa = PBXGroup;
			children = (
				B0B14CA21C4AD455006ABA9E /* TCPStream.swift */,
			);
			path = "TCP Stream";
			sourceTree = "<group>";
		};
		B0B14CA31C4AD455006ABA9E /* Venice */ = {
			isa = PBXGroup;
			children = (
				B015D0AF1C544C4A0017727B /* Once */,
				B0B14CF91C4AD46A006ABA9E /* Channel */,
				B0B14CFA1C4AD486006ABA9E /* Coroutine */,
				B0B14CFB1C4AD494006ABA9E /* Fallible Channel */,
				B0B14CFE1C4AD4B8006ABA9E /* Poller */,
				B0B14CFF1C4AD4BE006ABA9E /* Select */,
				B0B14D011C4AD4CC006ABA9E /* Ticker */,
				B0B14D021C4AD4D2006ABA9E /* Timer */,
			);
			name = Venice;
			path = Flux/Venice;
			sourceTree = "<group>";
		};
		B0B14CF91C4AD46A006ABA9E /* Channel */ = {
			isa = PBXGroup;
			children = (
				B0B14CAF1C4AD455006ABA9E /* Receivable.swift */,
				B0B14CB01C4AD455006ABA9E /* ReceivingChannel.swift */,
				B0B14CB21C4AD455006ABA9E /* Sendable.swift */,
				B0B14CB31C4AD455006ABA9E /* SendingChannel.swift */,
				B0B14CA41C4AD455006ABA9E /* Channel.swift */,
			);
			name = Channel;
			sourceTree = "<group>";
		};
		B0B14CFA1C4AD486006ABA9E /* Coroutine */ = {
			isa = PBXGroup;
			children = (
				B0B14CA51C4AD455006ABA9E /* Coroutine.swift */,
			);
			name = Coroutine;
			sourceTree = "<group>";
		};
		B0B14CFB1C4AD494006ABA9E /* Fallible Channel */ = {
			isa = PBXGroup;
			children = (
				B0B14CA61C4AD455006ABA9E /* FallibleChannel.swift */,
				B0B14CA71C4AD455006ABA9E /* FallibleReceivable.swift */,
				B0B14CA81C4AD455006ABA9E /* FallibleReceivingChannel.swift */,
				B0B14CA91C4AD455006ABA9E /* FallibleSendable.swift */,
				B0B14CAA1C4AD455006ABA9E /* FallibleSendingChannel.swift */,
			);
			name = "Fallible Channel";
			sourceTree = "<group>";
		};
		B0B14CFC1C4AD4A6006ABA9E /* IP */ = {
			isa = PBXGroup;
			children = (
				B0B14CAB1C4AD455006ABA9E /* IP.swift */,
				B0B14CAC1C4AD455006ABA9E /* IPError.swift */,
			);
			name = IP;
			path = Flux/Venice;
			sourceTree = "<group>";
		};
		B0B14CFE1C4AD4B8006ABA9E /* Poller */ = {
			isa = PBXGroup;
			children = (
				B0B14CAE1C4AD455006ABA9E /* Poller.swift */,
			);
			name = Poller;
			sourceTree = "<group>";
		};
		B0B14CFF1C4AD4BE006ABA9E /* Select */ = {
			isa = PBXGroup;
			children = (
				B0B14CB11C4AD455006ABA9E /* Select.swift */,
			);
			name = Select;
			sourceTree = "<group>";
		};
		B0B14D001C4AD4C6006ABA9E /* TCP */ = {
			isa = PBXGroup;
			children = (
				B0DCBDFB1C51073A00B2AFA3 /* TCPSocket.swift */,
				B0B14CB41C4AD455006ABA9E /* TCPClientSocket.swift */,
				B0B14CB61C4AD455006ABA9E /* TCPServerSocket.swift */,
				B0B14CB51C4AD455006ABA9E /* TCPError.swift */,
			);
			name = TCP;
			path = Flux/Venice;
			sourceTree = "<group>";
		};
		B0B14D011C4AD4CC006ABA9E /* Ticker */ = {
			isa = PBXGroup;
			children = (
				B0B14CB71C4AD455006ABA9E /* Ticker.swift */,
			);
			name = Ticker;
			sourceTree = "<group>";
		};
		B0B14D021C4AD4D2006ABA9E /* Timer */ = {
			isa = PBXGroup;
			children = (
				B0B14CB81C4AD455006ABA9E /* Timer.swift */,
			);
			name = Timer;
			sourceTree = "<group>";
		};
		B0B14D071C4AD72F006ABA9E /* File */ = {
			isa = PBXGroup;
			children = (
				B0B14D091C4AD72F006ABA9E /* FileResponder.swift */,
				B0B14D0E1C4AD72F006ABA9E /* Response+File.swift */,
			);
			name = File;
			path = ../Other;
			sourceTree = "<group>";
		};
		B0B14D181C4ADFBE006ABA9E /* Content Negotiator Middleware */ = {
			isa = PBXGroup;
			children = (
				B0B14D081C4AD72F006ABA9E /* ContentNegotiatorMiddleware.swift */,
				B0B14D0C1C4AD72F006ABA9E /* Request+Content.swift */,
				B0B14D0D1C4AD72F006ABA9E /* Response+Content.swift */,
			);
			name = "Content Negotiator Middleware";
			path = Flux/Other;
			sourceTree = "<group>";
		};
		B0B14D191C4AE009006ABA9E /* Logger Middleware */ = {
			isa = PBXGroup;
			children = (
				B0B14D0A1C4AD72F006ABA9E /* LoggerMiddleware.swift */,
			);
			name = "Logger Middleware";
			path = Flux/Other;
			sourceTree = "<group>";
		};
		B0B14D1A1C4AE021006ABA9E /* Multipart Body Parser Middleware */ = {
			isa = PBXGroup;
			children = (
				B0B14D0B1C4AD72F006ABA9E /* MultipartBodyParserMiddleware.swift */,
			);
			name = "Multipart Body Parser Middleware";
			path = Flux/Other;
			sourceTree = "<group>";
		};
		B0B14D1B1C4AE048006ABA9E /* URL Encoded Form Body Parser Middleware */ = {
			isa = PBXGroup;
			children = (
				B0B14D0F1C4AD72F006ABA9E /* URLEncodedBodyParserMiddleware.swift */,
			);
			name = "URL Encoded Form Body Parser Middleware";
			path = Flux/Other;
			sourceTree = "<group>";
		};
		B0B14D1C1C4B25DC006ABA9E /* UDP */ = {
			isa = PBXGroup;
			children = (
				B0B14D1D1C4B2610006ABA9E /* UDP.swift */,
				B0DCBDFD1C510B2600B2AFA3 /* UDPError.swift */,
			);
			name = UDP;
			path = ../Xcode;
			sourceTree = "<group>";
		};
		B0B14D1F1C4BBAA5006ABA9E /* OpenSSL */ = {
			isa = PBXGroup;
			children = (
				B0B14D201C4BBAA5006ABA9E /* OpenSSL.swift */,
				B0B14D211C4BBAA5006ABA9E /* SSLCertificate.swift */,
				B0B14D221C4BBAA5006ABA9E /* SSLClientContext.swift */,
				B0B14D231C4BBAA5006ABA9E /* SSLClientStream.swift */,
				B0B14D241C4BBAA5006ABA9E /* SSLContext.swift */,
				B0B14D251C4BBAA5006ABA9E /* SSLDWrap.swift */,
				B0B14D261C4BBAA5006ABA9E /* SSLIO.swift */,
				B0B14D271C4BBAA5006ABA9E /* SSLKey.swift */,
				B0B14D281C4BBAA5006ABA9E /* SSLMethod.swift */,
				B0B14D291C4BBAA5006ABA9E /* SSLServerContext.swift */,
				B0B14D2A1C4BBAA5006ABA9E /* SSLServerStream.swift */,
				B0B14D2B1C4BBAA5006ABA9E /* SSLSession.swift */,
				B0158A831C4C0456003700D3 /* SSLError.swift */,
			);
			name = OpenSSL;
			path = Flux/OpenSSL;
			sourceTree = "<group>";
		};
		B0C08DA71C2A3C300088B16D = {
			isa = PBXGroup;
			children = (
				B0B14C5D1C4AD313006ABA9E /* module.modulemap */,
				B0C08E911C2C76000088B16D /* Package.swift */,
				B0DCBF6B1C514C8F00B2AFA3 /* libvenice */,
				B0C08E481C2C3A410088B16D /* Sources */,
				B0C08DB31C2A3C300088B16D /* Flux */,
				B0C08DBF1C2A3C300088B16D /* FluxTests */,
				B0F48C881C52B6AB00FDACFE /* FluxApp */,
				B0C08DB21C2A3C300088B16D /* Products */,
			);
			sourceTree = "<group>";
		};
		B0C08DB21C2A3C300088B16D /* Products */ = {
			isa = PBXGroup;
			children = (
				B0C08DB11C2A3C300088B16D /* Flux.framework */,
				B0C08DBB1C2A3C300088B16D /* FluxTests.xctest */,
				B0F48C871C52B6AB00FDACFE /* FluxApp.app */,
			);
			name = Products;
			sourceTree = "<group>";
		};
		B0C08DB31C2A3C300088B16D /* Flux */ = {
			isa = PBXGroup;
			children = (
				B0B14D031C4AD65A006ABA9E /* Flux.h */,
			);
			name = Flux;
			path = Core;
			sourceTree = "<group>";
		};
		B0C08DBF1C2A3C300088B16D /* FluxTests */ = {
			isa = PBXGroup;
			children = (
				B71ADF821C4FAAE50065A276 /* SQLTests.swift */,
				B0B14D051C4AD6AC006ABA9E /* Tests.swift */,
				37B36EE21C4CB5FE00FE0D01 /* TrieMatcherTests.swift */,
			);
			name = FluxTests;
			path = CoreTests;
			sourceTree = "<group>";
		};
		B0C08E481C2C3A410088B16D /* Sources */ = {
			isa = PBXGroup;
			children = (
				B015D0AC1C53409C0017727B /* Log */,
				B71ADF6C1C4FA49C0065A276 /* DB */,
				B0B14D1F1C4BBAA5006ABA9E /* OpenSSL */,
				B0B14CA31C4AD455006ABA9E /* Venice */,
				B0B14C6C1C4AD455006ABA9E /* InterchangeData */,
				B0B14C5E1C4AD455006ABA9E /* Core */,
				B0B14C681C4AD455006ABA9E /* File */,
				B0B14CFC1C4AD4A6006ABA9E /* IP */,
				B0B14D001C4AD4C6006ABA9E /* TCP */,
				B001F8F31C5729320013B1E3 /* Web Socket */,
				B0B14D1C1C4B25DC006ABA9E /* UDP */,
				B0B14C801C4AD455006ABA9E /* HTTP */,
				B0B14C961C4AD455006ABA9E /* Router */,
				B0B14D181C4ADFBE006ABA9E /* Content Negotiator Middleware */,
				B0B14D191C4AE009006ABA9E /* Logger Middleware */,
				B0B14D1A1C4AE021006ABA9E /* Multipart Body Parser Middleware */,
				B0B14D1B1C4AE048006ABA9E /* URL Encoded Form Body Parser Middleware */,
				B015D0A81C52DF1C0017727B /* Branch Middleware */,
			);
			name = Sources;
			path = ../Sources;
			sourceTree = "<group>";
		};
		B0DCBF6B1C514C8F00B2AFA3 /* libvenice */ = {
			isa = PBXGroup;
			children = (
				B0DCBF6D1C514C8F00B2AFA3 /* chan.c */,
				B0DCBF6E1C514C8F00B2AFA3 /* chan.h */,
				B0DCBF6F1C514C8F00B2AFA3 /* cr.c */,
				B0DCBF701C514C8F00B2AFA3 /* cr.h */,
				B0DCBF711C514C8F00B2AFA3 /* debug.c */,
				B0DCBF721C514C8F00B2AFA3 /* debug.h */,
				B0DCBF731C514C8F00B2AFA3 /* dns.c */,
				B0DCBF741C514C8F00B2AFA3 /* dns.h */,
				B0DCBF751C514C8F00B2AFA3 /* epoll.inc */,
				B0DCBF761C514C8F00B2AFA3 /* ip.c */,
				B0DCBF771C514C8F00B2AFA3 /* ip.h */,
				B0DCBF781C514C8F00B2AFA3 /* kqueue.inc */,
				B0DCBF791C514C8F00B2AFA3 /* libvenice.h */,
				B0DCBF7A1C514C8F00B2AFA3 /* LICENSE */,
				B0DCBF7B1C514C8F00B2AFA3 /* list.c */,
				B0DCBF7C1C514C8F00B2AFA3 /* list.h */,
				B0DCBF7D1C514C8F00B2AFA3 /* file.c */,
				B0DCBF801C514C8F00B2AFA3 /* poll.inc */,
				B0DCBF811C514C8F00B2AFA3 /* poller.c */,
				B0DCBF821C514C8F00B2AFA3 /* poller.h */,
				B0DCBF841C514C8F00B2AFA3 /* slist.c */,
				B0DCBF851C514C8F00B2AFA3 /* slist.h */,
				B0DCBF861C514C8F00B2AFA3 /* stack.c */,
				B0DCBF871C514C8F00B2AFA3 /* stack.h */,
				B0DCBF881C514C8F00B2AFA3 /* tcp.c */,
				B0DCBF891C514C8F00B2AFA3 /* timer.c */,
				B0DCBF8A1C514C8F00B2AFA3 /* timer.h */,
				B0DCBF8B1C514C8F00B2AFA3 /* udp.c */,
				B0DCBF8C1C514C9000B2AFA3 /* unix.c */,
				B0DCBF8D1C514C9000B2AFA3 /* utils.h */,
			);
			name = libvenice;
			path = ../Sources/Flux/libvenice;
			sourceTree = "<group>";
		};
		B0F48C881C52B6AB00FDACFE /* FluxApp */ = {
			isa = PBXGroup;
			children = (
				B0F48C891C52B6AB00FDACFE /* main.swift */,
				B0F48C8B1C52B6AB00FDACFE /* Info.plist */,
			);
			path = FluxApp;
			sourceTree = "<group>";
		};
		B71ADF6C1C4FA49C0065A276 /* DB */ = {
			isa = PBXGroup;
			children = (
				B71ADF6D1C4FA49C0065A276 /* SQL */,
			);
			name = DB;
			path = Flux/DB;
			sourceTree = "<group>";
		};
		B71ADF6D1C4FA49C0065A276 /* SQL */ = {
			isa = PBXGroup;
			children = (
				B71ADF6E1C4FA49C0065A276 /* Core */,
				B777753E1C4FAEFF004325E6 /* Model */,
				B71ADF751C4FA49C0065A276 /* Migration */,
			);
			path = SQL;
			sourceTree = "<group>";
		};
		B71ADF6E1C4FA49C0065A276 /* Core */ = {
			isa = PBXGroup;
			children = (
				B71ADF6F1C4FA49C0065A276 /* Connection.swift */,
				B71ADF701C4FA49C0065A276 /* Field.swift */,
				B71ADF711C4FA49C0065A276 /* Result.swift */,
				B71ADF721C4FA49C0065A276 /* Row.swift */,
				B71ADF731C4FA49C0065A276 /* QueryParameter.swift */,
			);
			path = Core;
			sourceTree = "<group>";
		};
		B71ADF751C4FA49C0065A276 /* Migration */ = {
			isa = PBXGroup;
			children = (
				B71ADF761C4FA49C0065A276 /* MigrationManager.swift */,
			);
			path = Migration;
			sourceTree = "<group>";
		};
		B777753E1C4FAEFF004325E6 /* Model */ = {
			isa = PBXGroup;
			children = (
			);
			path = Model;
			sourceTree = "<group>";
		};
		B7D04A721C4E4E44006C4F2F /* Date */ = {
			isa = PBXGroup;
			children = (
				B7D04A731C4E4E44006C4F2F /* Date.swift */,
				B7D04A811C4E96F6006C4F2F /* DateComponents.swift */,
			);
			path = Date;
			sourceTree = "<group>";
		};
		B7D04A7A1C4E94FA006C4F2F /* POSIX */ = {
			isa = PBXGroup;
			children = (
				B7D04A7B1C4E94FA006C4F2F /* Regex.swift */,
				B7D04A7C1C4E94FA006C4F2F /* Time.swift */,
			);
			path = POSIX;
			sourceTree = "<group>";
		};
/* End PBXGroup section */

/* Begin PBXHeadersBuildPhase section */
		B0C08DAE1C2A3C300088B16D /* Headers */ = {
			isa = PBXHeadersBuildPhase;
			buildActionMask = 2147483647;
			files = (
				B0DCBFDD1C514C9000B2AFA3 /* list.h in Headers */,
				B0DCBFD31C514C9000B2AFA3 /* debug.h in Headers */,
				B0DCBFEE1C514C9000B2AFA3 /* utils.h in Headers */,
				B0DCBFDA1C514C9000B2AFA3 /* libvenice.h in Headers */,
				B0DCBFE81C514C9000B2AFA3 /* stack.h in Headers */,
				B0DCBFE61C514C9000B2AFA3 /* slist.h in Headers */,
				B0DCBFD81C514C9000B2AFA3 /* ip.h in Headers */,
				B0DCBFCF1C514C9000B2AFA3 /* chan.h in Headers */,
				B0B14D041C4AD65A006ABA9E /* Flux.h in Headers */,
				B0DCBFD51C514C9000B2AFA3 /* dns.h in Headers */,
				B0DCBFE31C514C9000B2AFA3 /* poller.h in Headers */,
				B0DCBFEB1C514C9000B2AFA3 /* timer.h in Headers */,
				B0DCBFD11C514C9000B2AFA3 /* cr.h in Headers */,
			);
			runOnlyForDeploymentPostprocessing = 0;
		};
/* End PBXHeadersBuildPhase section */

/* Begin PBXNativeTarget section */
		B0C08DB01C2A3C300088B16D /* Flux */ = {
			isa = PBXNativeTarget;
			buildConfigurationList = B0C08DC51C2A3C300088B16D /* Build configuration list for PBXNativeTarget "Flux" */;
			buildPhases = (
				B0C08DAC1C2A3C300088B16D /* Sources */,
				B0C08DAD1C2A3C300088B16D /* Frameworks */,
				B0C08DAE1C2A3C300088B16D /* Headers */,
				B0C08DAF1C2A3C300088B16D /* Resources */,
			);
			buildRules = (
			);
			dependencies = (
			);
			name = Flux;
			productName = Core;
			productReference = B0C08DB11C2A3C300088B16D /* Flux.framework */;
			productType = "com.apple.product-type.framework";
		};
		B0C08DBA1C2A3C300088B16D /* FluxTests */ = {
			isa = PBXNativeTarget;
			buildConfigurationList = B0C08DC81C2A3C300088B16D /* Build configuration list for PBXNativeTarget "FluxTests" */;
			buildPhases = (
				B0C08DB71C2A3C300088B16D /* Sources */,
				B0C08DB81C2A3C300088B16D /* Frameworks */,
				B0C08DB91C2A3C300088B16D /* Resources */,
			);
			buildRules = (
			);
			dependencies = (
				B0C08DBE1C2A3C300088B16D /* PBXTargetDependency */,
			);
			name = FluxTests;
			productName = CoreTests;
			productReference = B0C08DBB1C2A3C300088B16D /* FluxTests.xctest */;
			productType = "com.apple.product-type.bundle.unit-test";
		};
		B0F48C861C52B6AB00FDACFE /* FluxApp */ = {
			isa = PBXNativeTarget;
			buildConfigurationList = B0F48C8C1C52B6AB00FDACFE /* Build configuration list for PBXNativeTarget "FluxApp" */;
			buildPhases = (
				B0F48C841C52B6AB00FDACFE /* Sources */,
				B0F48C851C52B6AB00FDACFE /* Frameworks */,
				B0F48C931C52B6F600FDACFE /* Embed Frameworks */,
			);
			buildRules = (
			);
			dependencies = (
				B0F48C921C52B6F600FDACFE /* PBXTargetDependency */,
			);
			name = FluxApp;
			productName = FluxApp;
			productReference = B0F48C871C52B6AB00FDACFE /* FluxApp.app */;
			productType = "com.apple.product-type.application";
		};
/* End PBXNativeTarget section */

/* Begin PBXProject section */
		B0C08DA81C2A3C300088B16D /* Project object */ = {
			isa = PBXProject;
			attributes = {
				LastSwiftUpdateCheck = 0730;
				LastUpgradeCheck = 0730;
				ORGANIZATIONNAME = Zewo;
				TargetAttributes = {
					B0C08DB01C2A3C300088B16D = {
						CreatedOnToolsVersion = 7.2;
					};
					B0C08DBA1C2A3C300088B16D = {
						CreatedOnToolsVersion = 7.2;
					};
					B0F48C861C52B6AB00FDACFE = {
						CreatedOnToolsVersion = 7.3;
					};
				};
			};
			buildConfigurationList = B0C08DAB1C2A3C300088B16D /* Build configuration list for PBXProject "Flux" */;
			compatibilityVersion = "Xcode 3.2";
			developmentRegion = English;
			hasScannedForEncodings = 0;
			knownRegions = (
				en,
			);
			mainGroup = B0C08DA71C2A3C300088B16D;
			productRefGroup = B0C08DB21C2A3C300088B16D /* Products */;
			projectDirPath = "";
			projectRoot = "";
			targets = (
				B0C08DB01C2A3C300088B16D /* Flux */,
				B0C08DBA1C2A3C300088B16D /* FluxTests */,
				B0F48C861C52B6AB00FDACFE /* FluxApp */,
			);
		};
/* End PBXProject section */

/* Begin PBXResourcesBuildPhase section */
		B0C08DAF1C2A3C300088B16D /* Resources */ = {
			isa = PBXResourcesBuildPhase;
			buildActionMask = 2147483647;
			files = (
				B0DCBFDB1C514C9000B2AFA3 /* LICENSE in Resources */,
			);
			runOnlyForDeploymentPostprocessing = 0;
		};
		B0C08DB91C2A3C300088B16D /* Resources */ = {
			isa = PBXResourcesBuildPhase;
			buildActionMask = 2147483647;
			files = (
			);
			runOnlyForDeploymentPostprocessing = 0;
		};
/* End PBXResourcesBuildPhase section */

/* Begin PBXSourcesBuildPhase section */
		B0C08DAC1C2A3C300088B16D /* Sources */ = {
			isa = PBXSourcesBuildPhase;
			buildActionMask = 2147483647;
			files = (
				B0DCBDFE1C510B2600B2AFA3 /* UDPError.swift in Sources */,
				B0B14CDE1C4AD455006ABA9E /* RequestStreamParser.swift in Sources */,
				B0B14D351C4BBAA5006ABA9E /* SSLServerContext.swift in Sources */,
				B0DCBFD01C514C9000B2AFA3 /* cr.c in Sources */,
				B0DCBDFC1C51073A00B2AFA3 /* TCPSocket.swift in Sources */,
				37513E171C4C80AB00488AD4 /* Trie.swift in Sources */,
				B0DCBFEC1C514C9000B2AFA3 /* udp.c in Sources */,
				B0B14CEE1C4AD455006ABA9E /* Poller.swift in Sources */,
				B0B14CBD1C4AD455006ABA9E /* EventListener.swift in Sources */,
				B0B14CBE1C4AD455006ABA9E /* File.swift in Sources */,
				B71ADF791C4FA49C0065A276 /* Result.swift in Sources */,
				B0B14CC11C4AD455006ABA9E /* JSONParser.swift in Sources */,
				B0B14D131C4AD72F006ABA9E /* MultipartBodyParserMiddleware.swift in Sources */,
				B0B14CE71C4AD455006ABA9E /* FallibleReceivable.swift in Sources */,
				B0B14CE11C4AD455006ABA9E /* ServerType.swift in Sources */,
				B71ADF781C4FA49C0065A276 /* Field.swift in Sources */,
				B0B14D371C4BBAA5006ABA9E /* SSLSession.swift in Sources */,
				B0A918A71C4F6510002A2A98 /* Dictionary.swift in Sources */,
				B0B14CF11C4AD455006ABA9E /* Select.swift in Sources */,
				B0B14D301C4BBAA5006ABA9E /* SSLContext.swift in Sources */,
				B0B14CDC1C4AD455006ABA9E /* Router.swift in Sources */,
				B0DCBFDE1C514C9000B2AFA3 /* file.c in Sources */,
				B0B14CD31C4AD455006ABA9E /* RequestParser.swift in Sources */,
				B0DCBFE71C514C9000B2AFA3 /* stack.c in Sources */,
				B0B14CE81C4AD455006ABA9E /* FallibleReceivingChannel.swift in Sources */,
				B001F8FC1C5729320013B1E3 /* WebSocketFrame.swift in Sources */,
				B7D04A821C4E96F6006C4F2F /* DateComponents.swift in Sources */,
				B001F8F11C5592310013B1E3 /* Error.swift in Sources */,
				B0B14D2F1C4BBAA5006ABA9E /* SSLClientStream.swift in Sources */,
				B0DCBFE91C514C9000B2AFA3 /* tcp.c in Sources */,
				37513E191C4C80E200488AD4 /* TrieRouteMatcher.swift in Sources */,
				B0DCBFCE1C514C9000B2AFA3 /* chan.c in Sources */,
				B0B14CE21C4AD455006ABA9E /* TCPStreamServer.swift in Sources */,
				B0DCBFED1C514C9000B2AFA3 /* unix.c in Sources */,
				B0B14D101C4AD72F006ABA9E /* ContentNegotiatorMiddleware.swift in Sources */,
				B7D04A741C4E4E44006C4F2F /* Date.swift in Sources */,
				B0B14D111C4AD72F006ABA9E /* FileResponder.swift in Sources */,
				B0B14D331C4BBAA5006ABA9E /* SSLKey.swift in Sources */,
				B0B14CDF1C4AD455006ABA9E /* ResponseStreamSerializer.swift in Sources */,
				B0B14CCD1C4AD455006ABA9E /* RequestStreamSerializer.swift in Sources */,
				B0B14CC01C4AD455006ABA9E /* InterchangeData.swift in Sources */,
				B0B14CD61C4AD455006ABA9E /* Request.swift in Sources */,
				B0B14CE41C4AD455006ABA9E /* Channel.swift in Sources */,
				B0B14D311C4BBAA5006ABA9E /* SSLDWrap.swift in Sources */,
				B068CBB51C4F447000EF0B3E /* MessageType.swift in Sources */,
				B0B14CD51C4AD455006ABA9E /* Method.swift in Sources */,
				B0B14CF41C4AD455006ABA9E /* TCPClientSocket.swift in Sources */,
				B0B14CCF1C4AD455006ABA9E /* TCPStreamClient.swift in Sources */,
				B7D04A7D1C4E94FA006C4F2F /* Regex.swift in Sources */,
				B0B14CC81C4AD455006ABA9E /* URI.swift in Sources */,
				B0B14D321C4BBAA5006ABA9E /* SSLIO.swift in Sources */,
				B0B14CEA1C4AD455006ABA9E /* FallibleSendingChannel.swift in Sources */,
				B71ADF7D1C4FA49C0065A276 /* MigrationManager.swift in Sources */,
				B0DCBFD71C514C9000B2AFA3 /* ip.c in Sources */,
				B0B14CDB1C4AD455006ABA9E /* RouteMatcherType.swift in Sources */,
				B0B14CF01C4AD455006ABA9E /* ReceivingChannel.swift in Sources */,
				B0DCBFE51C514C9000B2AFA3 /* slist.c in Sources */,
				B0B14CD21C4AD455006ABA9E /* ParseError.swift in Sources */,
				B0B14D1E1C4B2610006ABA9E /* UDP.swift in Sources */,
				B0B14CB91C4AD455006ABA9E /* Base64.swift in Sources */,
				B7D04A7E1C4E94FA006C4F2F /* Time.swift in Sources */,
				B0B14CEB1C4AD455006ABA9E /* IP.swift in Sources */,
				B0B14CF21C4AD455006ABA9E /* Sendable.swift in Sources */,
				B0B14CE91C4AD455006ABA9E /* FallibleSendable.swift in Sources */,
				B0B14CCC1C4AD455006ABA9E /* ClientType.swift in Sources */,
				B0B14D161C4AD72F006ABA9E /* Response+File.swift in Sources */,
				B0B14CCE1C4AD455006ABA9E /* ResponseStreamParser.swift in Sources */,
				B0B14CE61C4AD455006ABA9E /* FallibleChannel.swift in Sources */,
				B0B14CD71C4AD455006ABA9E /* ResponderType.swift in Sources */,
				B0B14D341C4BBAA5006ABA9E /* SSLMethod.swift in Sources */,
				B0B14CDA1C4AD455006ABA9E /* RegexRouteMatcher.swift in Sources */,
				B0B14CC21C4AD455006ABA9E /* JSONSerializer.swift in Sources */,
				B0B14CF81C4AD455006ABA9E /* Timer.swift in Sources */,
				B0B14CD11C4AD455006ABA9E /* Method+Parser.swift in Sources */,
				B0F48C831C51EE5700FDACFE /* FileError.swift in Sources */,
				B015D0AB1C52EA9D0017727B /* URLEncodedFormParser.swift in Sources */,
				B001F8FA1C5729320013B1E3 /* SHA1.swift in Sources */,
				B0B14CBF1C4AD455006ABA9E /* Int.swift in Sources */,
				B0B14CEC1C4AD455006ABA9E /* IPError.swift in Sources */,
				B71ADF7B1C4FA49C0065A276 /* QueryParameter.swift in Sources */,
				B001F8FB1C5729320013B1E3 /* WebSocket.swift in Sources */,
				B0B14CBC1C4AD455006ABA9E /* EventEmitter.swift in Sources */,
				B0B14CF31C4AD455006ABA9E /* SendingChannel.swift in Sources */,
				B0B14CEF1C4AD455006ABA9E /* Receivable.swift in Sources */,
				B0B14CE31C4AD455006ABA9E /* TCPStream.swift in Sources */,
				B0B14CCA1C4AD455006ABA9E /* URLEncodedFormSerializer.swift in Sources */,
				B0B14D121C4AD72F006ABA9E /* LoggerMiddleware.swift in Sources */,
				B0DCBFDC1C514C9000B2AFA3 /* list.c in Sources */,
				B0B14D391C4BC3F4006ABA9E /* TCPSSLStreamServer.swift in Sources */,
				B0B14D171C4AD72F006ABA9E /* URLEncodedBodyParserMiddleware.swift in Sources */,
				B0DCBFEA1C514C9000B2AFA3 /* timer.c in Sources */,
				B0DCBFD41C514C9000B2AFA3 /* dns.c in Sources */,
				B0B14CBB1C4AD455006ABA9E /* Data.swift in Sources */,
				B0DCBFD21C514C9000B2AFA3 /* debug.c in Sources */,
				B0B14CD81C4AD455006ABA9E /* Response.swift in Sources */,
				B0158A841C4C0456003700D3 /* SSLError.swift in Sources */,
				B015D0B11C544C590017727B /* Once.swift in Sources */,
				B0B14CE01C4AD455006ABA9E /* Server.swift in Sources */,
				B001F8FD1C5729320013B1E3 /* WebSocketServer.swift in Sources */,
				B0B14CDD1C4AD455006ABA9E /* RouterBuilder.swift in Sources */,
				B015D0AA1C52DF530017727B /* BranchMiddleware.swift in Sources */,
				B0B14D2D1C4BBAA5006ABA9E /* SSLCertificate.swift in Sources */,
				B0B14CC31C4AD455006ABA9E /* MediaType.swift in Sources */,
				B0B14CD91C4AD455006ABA9E /* Status.swift in Sources */,
				B0B14CE51C4AD455006ABA9E /* Coroutine.swift in Sources */,
				B71ADF771C4FA49C0065A276 /* Connection.swift in Sources */,
				B71ADF7A1C4FA49C0065A276 /* Row.swift in Sources */,
				B0DCBFE21C514C9000B2AFA3 /* poller.c in Sources */,
				B0B14D2E1C4BBAA5006ABA9E /* SSLClientContext.swift in Sources */,
				B0B14D361C4BBAA5006ABA9E /* SSLServerStream.swift in Sources */,
				B0B14CC71C4AD455006ABA9E /* String.swift in Sources */,
				B0B14CCB1C4AD455006ABA9E /* Client.swift in Sources */,
				B0B14D141C4AD72F006ABA9E /* Request+Content.swift in Sources */,
				B0B14CF61C4AD455006ABA9E /* TCPServerSocket.swift in Sources */,
				B0B14D151C4AD72F006ABA9E /* Response+Content.swift in Sources */,
				B0B14CF71C4AD455006ABA9E /* Ticker.swift in Sources */,
				B015D0AE1C5341720017727B /* Log.swift in Sources */,
				B0B14CC61C4AD455006ABA9E /* Stream.swift in Sources */,
				B001F8F91C5729320013B1E3 /* Extensions.swift in Sources */,
				B0B14CF51C4AD455006ABA9E /* TCPError.swift in Sources */,
				B0B14CD01C4AD455006ABA9E /* MiddlewareType.swift in Sources */,
				B0B14D2C1C4BBAA5006ABA9E /* OpenSSL.swift in Sources */,
				B0B14CD41C4AD455006ABA9E /* ResponseParser.swift in Sources */,
			);
			runOnlyForDeploymentPostprocessing = 0;
		};
		B0C08DB71C2A3C300088B16D /* Sources */ = {
			isa = PBXSourcesBuildPhase;
			buildActionMask = 2147483647;
			files = (
				37B36EE31C4CB5FE00FE0D01 /* TrieMatcherTests.swift in Sources */,
				B71ADF841C4FAAF70065A276 /* SQLTests.swift in Sources */,
				B0B14D061C4AD6AC006ABA9E /* Tests.swift in Sources */,
			);
			runOnlyForDeploymentPostprocessing = 0;
		};
		B0F48C841C52B6AB00FDACFE /* Sources */ = {
			isa = PBXSourcesBuildPhase;
			buildActionMask = 2147483647;
			files = (
				B0F48C8A1C52B6AB00FDACFE /* main.swift in Sources */,
			);
			runOnlyForDeploymentPostprocessing = 0;
		};
/* End PBXSourcesBuildPhase section */

/* Begin PBXTargetDependency section */
		B0C08DBE1C2A3C300088B16D /* PBXTargetDependency */ = {
			isa = PBXTargetDependency;
			target = B0C08DB01C2A3C300088B16D /* Flux */;
			targetProxy = B0C08DBD1C2A3C300088B16D /* PBXContainerItemProxy */;
		};
		B0F48C921C52B6F600FDACFE /* PBXTargetDependency */ = {
			isa = PBXTargetDependency;
			target = B0C08DB01C2A3C300088B16D /* Flux */;
			targetProxy = B0F48C911C52B6F600FDACFE /* PBXContainerItemProxy */;
		};
/* End PBXTargetDependency section */

/* Begin XCBuildConfiguration section */
		B0C08DC31C2A3C300088B16D /* Debug */ = {
			isa = XCBuildConfiguration;
			buildSettings = {
				ALWAYS_SEARCH_USER_PATHS = NO;
				CLANG_CXX_LANGUAGE_STANDARD = "gnu++0x";
				CLANG_CXX_LIBRARY = "libc++";
				CLANG_ENABLE_MODULES = YES;
				CLANG_ENABLE_OBJC_ARC = YES;
				CLANG_WARN_BOOL_CONVERSION = YES;
				CLANG_WARN_CONSTANT_CONVERSION = YES;
				CLANG_WARN_DIRECT_OBJC_ISA_USAGE = YES_ERROR;
				CLANG_WARN_EMPTY_BODY = YES;
				CLANG_WARN_ENUM_CONVERSION = YES;
				CLANG_WARN_INT_CONVERSION = YES;
				CLANG_WARN_OBJC_ROOT_CLASS = YES_ERROR;
				CLANG_WARN_UNREACHABLE_CODE = YES;
				CLANG_WARN__DUPLICATE_METHOD_MATCH = YES;
				CODE_SIGN_IDENTITY = "-";
				COPY_PHASE_STRIP = NO;
				CURRENT_PROJECT_VERSION = 1;
				DEBUG_INFORMATION_FORMAT = dwarf;
				ENABLE_STRICT_OBJC_MSGSEND = YES;
				ENABLE_TESTABILITY = YES;
				GCC_C_LANGUAGE_STANDARD = gnu99;
				GCC_DYNAMIC_NO_PIC = NO;
				GCC_NO_COMMON_BLOCKS = YES;
				GCC_OPTIMIZATION_LEVEL = 0;
				GCC_PREPROCESSOR_DEFINITIONS = (
					"DEBUG=1",
					"$(inherited)",
				);
				GCC_WARN_64_TO_32_BIT_CONVERSION = YES;
				GCC_WARN_ABOUT_RETURN_TYPE = YES_ERROR;
				GCC_WARN_UNDECLARED_SELECTOR = YES;
				GCC_WARN_UNINITIALIZED_AUTOS = YES_AGGRESSIVE;
				GCC_WARN_UNUSED_FUNCTION = YES;
				GCC_WARN_UNUSED_VARIABLE = YES;
				MACOSX_DEPLOYMENT_TARGET = 10.11;
				MTL_ENABLE_DEBUG_INFO = YES;
				ONLY_ACTIVE_ARCH = YES;
				SDKROOT = macosx;
				SWIFT_OPTIMIZATION_LEVEL = "-Onone";
				VERSIONING_SYSTEM = "apple-generic";
				VERSION_INFO_PREFIX = "";
			};
			name = Debug;
		};
		B0C08DC41C2A3C300088B16D /* Release */ = {
			isa = XCBuildConfiguration;
			buildSettings = {
				ALWAYS_SEARCH_USER_PATHS = NO;
				CLANG_CXX_LANGUAGE_STANDARD = "gnu++0x";
				CLANG_CXX_LIBRARY = "libc++";
				CLANG_ENABLE_MODULES = YES;
				CLANG_ENABLE_OBJC_ARC = YES;
				CLANG_WARN_BOOL_CONVERSION = YES;
				CLANG_WARN_CONSTANT_CONVERSION = YES;
				CLANG_WARN_DIRECT_OBJC_ISA_USAGE = YES_ERROR;
				CLANG_WARN_EMPTY_BODY = YES;
				CLANG_WARN_ENUM_CONVERSION = YES;
				CLANG_WARN_INT_CONVERSION = YES;
				CLANG_WARN_OBJC_ROOT_CLASS = YES_ERROR;
				CLANG_WARN_UNREACHABLE_CODE = YES;
				CLANG_WARN__DUPLICATE_METHOD_MATCH = YES;
				CODE_SIGN_IDENTITY = "-";
				COPY_PHASE_STRIP = NO;
				CURRENT_PROJECT_VERSION = 1;
				DEBUG_INFORMATION_FORMAT = "dwarf-with-dsym";
				ENABLE_NS_ASSERTIONS = NO;
				ENABLE_STRICT_OBJC_MSGSEND = YES;
				GCC_C_LANGUAGE_STANDARD = gnu99;
				GCC_NO_COMMON_BLOCKS = YES;
				GCC_WARN_64_TO_32_BIT_CONVERSION = YES;
				GCC_WARN_ABOUT_RETURN_TYPE = YES_ERROR;
				GCC_WARN_UNDECLARED_SELECTOR = YES;
				GCC_WARN_UNINITIALIZED_AUTOS = YES_AGGRESSIVE;
				GCC_WARN_UNUSED_FUNCTION = YES;
				GCC_WARN_UNUSED_VARIABLE = YES;
				MACOSX_DEPLOYMENT_TARGET = 10.11;
				MTL_ENABLE_DEBUG_INFO = NO;
				SDKROOT = macosx;
				VERSIONING_SYSTEM = "apple-generic";
				VERSION_INFO_PREFIX = "";
			};
			name = Release;
		};
		B0C08DC61C2A3C300088B16D /* Debug */ = {
			isa = XCBuildConfiguration;
			buildSettings = {
				ALWAYS_SEARCH_USER_PATHS = NO;
				COMBINE_HIDPI_IMAGES = YES;
				DEFINES_MODULE = YES;
				DYLIB_COMPATIBILITY_VERSION = 1;
				DYLIB_CURRENT_VERSION = 1;
				DYLIB_INSTALL_NAME_BASE = "@rpath";
				FRAMEWORK_VERSION = A;
				HEADER_SEARCH_PATHS = /usr/local/include;
				INFOPLIST_FILE = Flux/Info.plist;
				INSTALL_PATH = "$(LOCAL_LIBRARY_DIR)/Frameworks";
				LD_RUNPATH_SEARCH_PATHS = "$(inherited) @executable_path/../Frameworks @loader_path/Frameworks";
				LIBRARY_SEARCH_PATHS = /usr/local/lib;
				PRODUCT_BUNDLE_IDENTIFIER = com.zewo.Flux;
				PRODUCT_NAME = Flux;
				SKIP_INSTALL = YES;
				SWIFT_INCLUDE_PATHS = $SRCROOT;
				USER_HEADER_SEARCH_PATHS = "";
			};
			name = Debug;
		};
		B0C08DC71C2A3C300088B16D /* Release */ = {
			isa = XCBuildConfiguration;
			buildSettings = {
				ALWAYS_SEARCH_USER_PATHS = NO;
				COMBINE_HIDPI_IMAGES = YES;
				DEFINES_MODULE = YES;
				DYLIB_COMPATIBILITY_VERSION = 1;
				DYLIB_CURRENT_VERSION = 1;
				DYLIB_INSTALL_NAME_BASE = "@rpath";
				FRAMEWORK_VERSION = A;
				HEADER_SEARCH_PATHS = /usr/local/include;
				INFOPLIST_FILE = Flux/Info.plist;
				INSTALL_PATH = "$(LOCAL_LIBRARY_DIR)/Frameworks";
				LD_RUNPATH_SEARCH_PATHS = "$(inherited) @executable_path/../Frameworks @loader_path/Frameworks";
				LIBRARY_SEARCH_PATHS = /usr/local/lib;
				PRODUCT_BUNDLE_IDENTIFIER = com.zewo.Flux;
				PRODUCT_NAME = Flux;
				SKIP_INSTALL = YES;
				SWIFT_INCLUDE_PATHS = $SRCROOT;
				SWIFT_OPTIMIZATION_LEVEL = "-Owholemodule";
				USER_HEADER_SEARCH_PATHS = "";
			};
			name = Release;
		};
		B0C08DC91C2A3C300088B16D /* Debug */ = {
			isa = XCBuildConfiguration;
			buildSettings = {
				CLANG_ENABLE_MODULES = YES;
				COMBINE_HIDPI_IMAGES = YES;
				HEADER_SEARCH_PATHS = /usr/local/include;
				INFOPLIST_FILE = FluxTests/Info.plist;
				LD_RUNPATH_SEARCH_PATHS = "$(inherited) @executable_path/../Frameworks @loader_path/../Frameworks";
				LIBRARY_SEARCH_PATHS = /usr/local/lib;
				PRODUCT_BUNDLE_IDENTIFIER = com.zewo.FluxTests;
				PRODUCT_NAME = FluxTests;
				SWIFT_OPTIMIZATION_LEVEL = "-Onone";
			};
			name = Debug;
		};
		B0C08DCA1C2A3C300088B16D /* Release */ = {
			isa = XCBuildConfiguration;
			buildSettings = {
				CLANG_ENABLE_MODULES = YES;
				COMBINE_HIDPI_IMAGES = YES;
				HEADER_SEARCH_PATHS = /usr/local/include;
				INFOPLIST_FILE = FluxTests/Info.plist;
				LD_RUNPATH_SEARCH_PATHS = "$(inherited) @executable_path/../Frameworks @loader_path/../Frameworks";
				LIBRARY_SEARCH_PATHS = /usr/local/lib;
				PRODUCT_BUNDLE_IDENTIFIER = com.zewo.FluxTests;
				PRODUCT_NAME = FluxTests;
				SWIFT_OPTIMIZATION_LEVEL = "-Owholemodule";
			};
			name = Release;
		};
		B0F48C8D1C52B6AB00FDACFE /* Debug */ = {
			isa = XCBuildConfiguration;
			buildSettings = {
				COMBINE_HIDPI_IMAGES = YES;
				EMBEDDED_CONTENT_CONTAINS_SWIFT = YES;
				INFOPLIST_FILE = FluxApp/Info.plist;
				LD_RUNPATH_SEARCH_PATHS = "$(inherited) @executable_path/Frameworks @executable_path/../Frameworks";
				PRODUCT_BUNDLE_IDENTIFIER = com.zewo.FluxApp;
				PRODUCT_NAME = "$(TARGET_NAME)";
			};
			name = Debug;
		};
		B0F48C8E1C52B6AB00FDACFE /* Release */ = {
			isa = XCBuildConfiguration;
			buildSettings = {
				COMBINE_HIDPI_IMAGES = YES;
				EMBEDDED_CONTENT_CONTAINS_SWIFT = YES;
				INFOPLIST_FILE = FluxApp/Info.plist;
				LD_RUNPATH_SEARCH_PATHS = "$(inherited) @executable_path/Frameworks @executable_path/../Frameworks";
				PRODUCT_BUNDLE_IDENTIFIER = com.zewo.FluxApp;
				PRODUCT_NAME = "$(TARGET_NAME)";
				SWIFT_OPTIMIZATION_LEVEL = "-Owholemodule";
			};
			name = Release;
		};
/* End XCBuildConfiguration section */

/* Begin XCConfigurationList section */
		B0C08DAB1C2A3C300088B16D /* Build configuration list for PBXProject "Flux" */ = {
			isa = XCConfigurationList;
			buildConfigurations = (
				B0C08DC31C2A3C300088B16D /* Debug */,
				B0C08DC41C2A3C300088B16D /* Release */,
			);
			defaultConfigurationIsVisible = 0;
			defaultConfigurationName = Release;
		};
		B0C08DC51C2A3C300088B16D /* Build configuration list for PBXNativeTarget "Flux" */ = {
			isa = XCConfigurationList;
			buildConfigurations = (
				B0C08DC61C2A3C300088B16D /* Debug */,
				B0C08DC71C2A3C300088B16D /* Release */,
			);
			defaultConfigurationIsVisible = 0;
			defaultConfigurationName = Release;
		};
		B0C08DC81C2A3C300088B16D /* Build configuration list for PBXNativeTarget "FluxTests" */ = {
			isa = XCConfigurationList;
			buildConfigurations = (
				B0C08DC91C2A3C300088B16D /* Debug */,
				B0C08DCA1C2A3C300088B16D /* Release */,
			);
			defaultConfigurationIsVisible = 0;
			defaultConfigurationName = Release;
		};
		B0F48C8C1C52B6AB00FDACFE /* Build configuration list for PBXNativeTarget "FluxApp" */ = {
			isa = XCConfigurationList;
			buildConfigurations = (
				B0F48C8D1C52B6AB00FDACFE /* Debug */,
				B0F48C8E1C52B6AB00FDACFE /* Release */,
			);
			defaultConfigurationIsVisible = 0;
			defaultConfigurationName = Release;
		};
/* End XCConfigurationList section */
	};
	rootObject = B0C08DA81C2A3C300088B16D /* Project object */;
}
